// !$*UTF8*$!
{
	archiveVersion = 1;
	classes = {
	};
	objectVersion = 56;
	objects = {

/* Begin PBXBuildFile section */
		1E18FE242A96506B0061A9F5 /* TabataExerciseApp.swift in Sources */ = {isa = PBXBuildFile; fileRef = 1E18FE232A96506B0061A9F5 /* TabataExerciseApp.swift */; };
		1E18FE262A96506B0061A9F5 /* ContentView.swift in Sources */ = {isa = PBXBuildFile; fileRef = 1E18FE252A96506B0061A9F5 /* ContentView.swift */; };
		1E18FE282A96506C0061A9F5 /* Assets.xcassets in Resources */ = {isa = PBXBuildFile; fileRef = 1E18FE272A96506C0061A9F5 /* Assets.xcassets */; };
		1E18FE2B2A96506C0061A9F5 /* Preview Assets.xcassets in Resources */ = {isa = PBXBuildFile; fileRef = 1E18FE2A2A96506C0061A9F5 /* Preview Assets.xcassets */; };
		1E18FE3A2A9652E30061A9F5 /* SignInScreen.swift in Sources */ = {isa = PBXBuildFile; fileRef = 1E18FE392A9652E30061A9F5 /* SignInScreen.swift */; };
		1E18FE3C2A96530B0061A9F5 /* SignUpScreen.swift in Sources */ = {isa = PBXBuildFile; fileRef = 1E18FE3B2A96530B0061A9F5 /* SignUpScreen.swift */; };
		1E18FE3E2A96532D0061A9F5 /* ForgotPasswordScreen.swift in Sources */ = {isa = PBXBuildFile; fileRef = 1E18FE3D2A96532D0061A9F5 /* ForgotPasswordScreen.swift */; };
		1E18FE412A9655C00061A9F5 /* PrimaryButton.swift in Sources */ = {isa = PBXBuildFile; fileRef = 1E18FE402A9655C00061A9F5 /* PrimaryButton.swift */; };
		1E18FE432A965DA80061A9F5 /* TextInput.swift in Sources */ = {isa = PBXBuildFile; fileRef = 1E18FE422A965DA80061A9F5 /* TextInput.swift */; };
		1E18FE452A9668980061A9F5 /* AuthTitle.swift in Sources */ = {isa = PBXBuildFile; fileRef = 1E18FE442A9668980061A9F5 /* AuthTitle.swift */; };
		1E18FE4A2A966E700061A9F5 /* FotterNavigation.swift in Sources */ = {isa = PBXBuildFile; fileRef = 1E18FE492A966E700061A9F5 /* FotterNavigation.swift */; };
		1E2800A12A977E5000D302F9 /* GoogleService-Info.plist in Resources */ = {isa = PBXBuildFile; fileRef = 1E2800A02A977E5000D302F9 /* GoogleService-Info.plist */; };
		1E2800A42A977EF800D302F9 /* FirebaseAuth in Frameworks */ = {isa = PBXBuildFile; productRef = 1E2800A32A977EF800D302F9 /* FirebaseAuth */; };
		1E2800A62A977EF800D302F9 /* FirebaseFirestore in Frameworks */ = {isa = PBXBuildFile; productRef = 1E2800A52A977EF800D302F9 /* FirebaseFirestore */; };
		1E2800A82A977EF800D302F9 /* FirebaseFirestoreSwift in Frameworks */ = {isa = PBXBuildFile; productRef = 1E2800A72A977EF800D302F9 /* FirebaseFirestoreSwift */; };
		1E2800AA2A977EF800D302F9 /* FirebaseStorage in Frameworks */ = {isa = PBXBuildFile; productRef = 1E2800A92A977EF800D302F9 /* FirebaseStorage */; };
		1E2800AC2A97800000D302F9 /* AuthViewState.swift in Sources */ = {isa = PBXBuildFile; fileRef = 1E2800AB2A97800000D302F9 /* AuthViewState.swift */; };
		1E304E092A97D50100993394 /* Log.swift in Sources */ = {isa = PBXBuildFile; fileRef = 1E304E082A97D50100993394 /* Log.swift */; };
		1E304E0B2A97D94500993394 /* User.swift in Sources */ = {isa = PBXBuildFile; fileRef = 1E304E0A2A97D94500993394 /* User.swift */; };
		1E304E0F2A97DDFD00993394 /* ProfileScreen.swift in Sources */ = {isa = PBXBuildFile; fileRef = 1E304E0E2A97DDFD00993394 /* ProfileScreen.swift */; };
		1E304E162A98947E00993394 /* TabataScreen.swift in Sources */ = {isa = PBXBuildFile; fileRef = 1E304E152A98947E00993394 /* TabataScreen.swift */; };
		1E304E1D2A98959400993394 /* TabataSettingsScreen.swift in Sources */ = {isa = PBXBuildFile; fileRef = 1E304E1C2A98959400993394 /* TabataSettingsScreen.swift */; };
		1E304E212A989A3B00993394 /* AuthService.swift in Sources */ = {isa = PBXBuildFile; fileRef = 1E304E202A989A3B00993394 /* AuthService.swift */; };
		1E304E232A989A4F00993394 /* FirestoreService.swift in Sources */ = {isa = PBXBuildFile; fileRef = 1E304E222A989A4F00993394 /* FirestoreService.swift */; };
		1E304E262A98CFD900993394 /* UserObservableObject.swift in Sources */ = {isa = PBXBuildFile; fileRef = 1E304E252A98CFD900993394 /* UserObservableObject.swift */; };
		1E304E282A98DE5C00993394 /* SignInStateView.swift in Sources */ = {isa = PBXBuildFile; fileRef = 1E304E272A98DE5C00993394 /* SignInStateView.swift */; };
		1E304E2A2A98E65200993394 /* SignUpStateView.swift in Sources */ = {isa = PBXBuildFile; fileRef = 1E304E292A98E65200993394 /* SignUpStateView.swift */; };
		1E304E2C2A98E7C000993394 /* ForgorPasswordStateView.swift in Sources */ = {isa = PBXBuildFile; fileRef = 1E304E2B2A98E7C000993394 /* ForgorPasswordStateView.swift */; };
		1E304E2E2A98E98500993394 /* ProfileStateView.swift in Sources */ = {isa = PBXBuildFile; fileRef = 1E304E2D2A98E98500993394 /* ProfileStateView.swift */; };
		1EAF810D2A9A3B40009DA4C3 /* AlertMessage.swift in Sources */ = {isa = PBXBuildFile; fileRef = 1EAF810C2A9A3B40009DA4C3 /* AlertMessage.swift */; };
/* End PBXBuildFile section */

/* Begin PBXFileReference section */
		1E18FE202A96506B0061A9F5 /* TabataExercise.app */ = {isa = PBXFileReference; explicitFileType = wrapper.application; includeInIndex = 0; path = TabataExercise.app; sourceTree = BUILT_PRODUCTS_DIR; };
		1E18FE232A96506B0061A9F5 /* TabataExerciseApp.swift */ = {isa = PBXFileReference; lastKnownFileType = sourcecode.swift; path = TabataExerciseApp.swift; sourceTree = "<group>"; };
		1E18FE252A96506B0061A9F5 /* ContentView.swift */ = {isa = PBXFileReference; lastKnownFileType = sourcecode.swift; path = ContentView.swift; sourceTree = "<group>"; };
		1E18FE272A96506C0061A9F5 /* Assets.xcassets */ = {isa = PBXFileReference; lastKnownFileType = folder.assetcatalog; path = Assets.xcassets; sourceTree = "<group>"; };
		1E18FE2A2A96506C0061A9F5 /* Preview Assets.xcassets */ = {isa = PBXFileReference; lastKnownFileType = folder.assetcatalog; path = "Preview Assets.xcassets"; sourceTree = "<group>"; };
		1E18FE392A9652E30061A9F5 /* SignInScreen.swift */ = {isa = PBXFileReference; lastKnownFileType = sourcecode.swift; path = SignInScreen.swift; sourceTree = "<group>"; };
		1E18FE3B2A96530B0061A9F5 /* SignUpScreen.swift */ = {isa = PBXFileReference; lastKnownFileType = sourcecode.swift; path = SignUpScreen.swift; sourceTree = "<group>"; };
		1E18FE3D2A96532D0061A9F5 /* ForgotPasswordScreen.swift */ = {isa = PBXFileReference; lastKnownFileType = sourcecode.swift; path = ForgotPasswordScreen.swift; sourceTree = "<group>"; };
		1E18FE402A9655C00061A9F5 /* PrimaryButton.swift */ = {isa = PBXFileReference; lastKnownFileType = sourcecode.swift; path = PrimaryButton.swift; sourceTree = "<group>"; };
		1E18FE422A965DA80061A9F5 /* TextInput.swift */ = {isa = PBXFileReference; lastKnownFileType = sourcecode.swift; path = TextInput.swift; sourceTree = "<group>"; };
		1E18FE442A9668980061A9F5 /* AuthTitle.swift */ = {isa = PBXFileReference; lastKnownFileType = sourcecode.swift; path = AuthTitle.swift; sourceTree = "<group>"; };
		1E18FE492A966E700061A9F5 /* FotterNavigation.swift */ = {isa = PBXFileReference; lastKnownFileType = sourcecode.swift; path = FotterNavigation.swift; sourceTree = "<group>"; };
		1E2800A02A977E5000D302F9 /* GoogleService-Info.plist */ = {isa = PBXFileReference; fileEncoding = 4; lastKnownFileType = text.plist.xml; path = "GoogleService-Info.plist"; sourceTree = "<group>"; };
		1E2800AB2A97800000D302F9 /* AuthViewState.swift */ = {isa = PBXFileReference; lastKnownFileType = sourcecode.swift; path = AuthViewState.swift; sourceTree = "<group>"; };
		1E304E082A97D50100993394 /* Log.swift */ = {isa = PBXFileReference; lastKnownFileType = sourcecode.swift; path = Log.swift; sourceTree = "<group>"; };
		1E304E0A2A97D94500993394 /* User.swift */ = {isa = PBXFileReference; lastKnownFileType = sourcecode.swift; path = User.swift; sourceTree = "<group>"; };
		1E304E0E2A97DDFD00993394 /* ProfileScreen.swift */ = {isa = PBXFileReference; lastKnownFileType = sourcecode.swift; path = ProfileScreen.swift; sourceTree = "<group>"; };
		1E304E152A98947E00993394 /* TabataScreen.swift */ = {isa = PBXFileReference; lastKnownFileType = sourcecode.swift; path = TabataScreen.swift; sourceTree = "<group>"; };
		1E304E1C2A98959400993394 /* TabataSettingsScreen.swift */ = {isa = PBXFileReference; lastKnownFileType = sourcecode.swift; path = TabataSettingsScreen.swift; sourceTree = "<group>"; };
		1E304E202A989A3B00993394 /* AuthService.swift */ = {isa = PBXFileReference; lastKnownFileType = sourcecode.swift; path = AuthService.swift; sourceTree = "<group>"; };
		1E304E222A989A4F00993394 /* FirestoreService.swift */ = {isa = PBXFileReference; lastKnownFileType = sourcecode.swift; path = FirestoreService.swift; sourceTree = "<group>"; };
		1E304E252A98CFD900993394 /* UserObservableObject.swift */ = {isa = PBXFileReference; lastKnownFileType = sourcecode.swift; path = UserObservableObject.swift; sourceTree = "<group>"; };
		1E304E272A98DE5C00993394 /* SignInStateView.swift */ = {isa = PBXFileReference; lastKnownFileType = sourcecode.swift; path = SignInStateView.swift; sourceTree = "<group>"; };
		1E304E292A98E65200993394 /* SignUpStateView.swift */ = {isa = PBXFileReference; lastKnownFileType = sourcecode.swift; path = SignUpStateView.swift; sourceTree = "<group>"; };
		1E304E2B2A98E7C000993394 /* ForgorPasswordStateView.swift */ = {isa = PBXFileReference; lastKnownFileType = sourcecode.swift; path = ForgorPasswordStateView.swift; sourceTree = "<group>"; };
		1E304E2D2A98E98500993394 /* ProfileStateView.swift */ = {isa = PBXFileReference; lastKnownFileType = sourcecode.swift; path = ProfileStateView.swift; sourceTree = "<group>"; };
		1EAF810C2A9A3B40009DA4C3 /* AlertMessage.swift */ = {isa = PBXFileReference; lastKnownFileType = sourcecode.swift; path = AlertMessage.swift; sourceTree = "<group>"; };
/* End PBXFileReference section */

/* Begin PBXFrameworksBuildPhase section */
		1E18FE1D2A96506B0061A9F5 /* Frameworks */ = {
			isa = PBXFrameworksBuildPhase;
			buildActionMask = 2147483647;
			files = (
				1E2800A42A977EF800D302F9 /* FirebaseAuth in Frameworks */,
				1E2800AA2A977EF800D302F9 /* FirebaseStorage in Frameworks */,
				1E2800A62A977EF800D302F9 /* FirebaseFirestore in Frameworks */,
				1E2800A82A977EF800D302F9 /* FirebaseFirestoreSwift in Frameworks */,
			);
			runOnlyForDeploymentPostprocessing = 0;
		};
/* End PBXFrameworksBuildPhase section */

/* Begin PBXGroup section */
		1E18FE172A96506B0061A9F5 = {
			isa = PBXGroup;
			children = (
				1E18FE222A96506B0061A9F5 /* TabataExercise */,
				1E18FE212A96506B0061A9F5 /* Products */,
			);
			sourceTree = "<group>";
		};
		1E18FE212A96506B0061A9F5 /* Products */ = {
			isa = PBXGroup;
			children = (
				1E18FE202A96506B0061A9F5 /* TabataExercise.app */,
			);
			name = Products;
			sourceTree = "<group>";
		};
		1E18FE222A96506B0061A9F5 /* TabataExercise */ = {
			isa = PBXGroup;
			children = (
				1E304E242A98CFA400993394 /* Environment */,
				1E304E1F2A989A2800993394 /* Services */,
				1E18FE312A96521A0061A9F5 /* App */,
				1E18FE3F2A9655AB0061A9F5 /* Components */,
				1E18FE332A9652350061A9F5 /* Utils */,
				1E18FE322A9652270061A9F5 /* Modules */,
				1E18FE272A96506C0061A9F5 /* Assets.xcassets */,
				1E2800A02A977E5000D302F9 /* GoogleService-Info.plist */,
				1E18FE292A96506C0061A9F5 /* Preview Content */,
			);
			path = TabataExercise;
			sourceTree = "<group>";
		};
		1E18FE292A96506C0061A9F5 /* Preview Content */ = {
			isa = PBXGroup;
			children = (
				1E18FE2A2A96506C0061A9F5 /* Preview Assets.xcassets */,
			);
			path = "Preview Content";
			sourceTree = "<group>";
		};
		1E18FE312A96521A0061A9F5 /* App */ = {
			isa = PBXGroup;
			children = (
				1E18FE232A96506B0061A9F5 /* TabataExerciseApp.swift */,
			);
			path = App;
			sourceTree = "<group>";
		};
		1E18FE322A9652270061A9F5 /* Modules */ = {
			isa = PBXGroup;
			children = (
				1E304E132A98945600993394 /* Tabata */,
				1E304E0C2A97DDD200993394 /* Profile */,
				1E18FE352A96525F0061A9F5 /* Auth */,
				1E18FE342A9652550061A9F5 /* Root */,
			);
			path = Modules;
			sourceTree = "<group>";
		};
		1E18FE332A9652350061A9F5 /* Utils */ = {
			isa = PBXGroup;
			children = (
				1E304E082A97D50100993394 /* Log.swift */,
			);
			path = Utils;
			sourceTree = "<group>";
		};
		1E18FE342A9652550061A9F5 /* Root */ = {
			isa = PBXGroup;
			children = (
				1E18FE252A96506B0061A9F5 /* ContentView.swift */,
			);
			path = Root;
			sourceTree = "<group>";
		};
		1E18FE352A96525F0061A9F5 /* Auth */ = {
			isa = PBXGroup;
			children = (
				1E18FE462A9669710061A9F5 /* Components */,
				1E18FE382A9652740061A9F5 /* StateViews */,
				1E18FE372A96526F0061A9F5 /* Screens */,
				1E18FE362A9652690061A9F5 /* Models */,
			);
			path = Auth;
			sourceTree = "<group>";
		};
		1E18FE362A9652690061A9F5 /* Models */ = {
			isa = PBXGroup;
			children = (
				1E304E0A2A97D94500993394 /* User.swift */,
			);
			path = Models;
			sourceTree = "<group>";
		};
		1E18FE372A96526F0061A9F5 /* Screens */ = {
			isa = PBXGroup;
			children = (
				1E18FE392A9652E30061A9F5 /* SignInScreen.swift */,
				1E18FE3B2A96530B0061A9F5 /* SignUpScreen.swift */,
				1E18FE3D2A96532D0061A9F5 /* ForgotPasswordScreen.swift */,
			);
			path = Screens;
			sourceTree = "<group>";
		};
		1E18FE382A9652740061A9F5 /* StateViews */ = {
			isa = PBXGroup;
			children = (
				1E2800AB2A97800000D302F9 /* AuthViewState.swift */,
				1E304E272A98DE5C00993394 /* SignInStateView.swift */,
				1E304E292A98E65200993394 /* SignUpStateView.swift */,
				1E304E2B2A98E7C000993394 /* ForgorPasswordStateView.swift */,
			);
			path = StateViews;
			sourceTree = "<group>";
		};
		1E18FE3F2A9655AB0061A9F5 /* Components */ = {
			isa = PBXGroup;
			children = (
				1E18FE402A9655C00061A9F5 /* PrimaryButton.swift */,
				1E18FE422A965DA80061A9F5 /* TextInput.swift */,
			);
			path = Components;
			sourceTree = "<group>";
		};
		1E18FE462A9669710061A9F5 /* Components */ = {
			isa = PBXGroup;
			children = (
				1E18FE442A9668980061A9F5 /* AuthTitle.swift */,
				1E18FE492A966E700061A9F5 /* FotterNavigation.swift */,
				1EAF810C2A9A3B40009DA4C3 /* AlertMessage.swift */,
			);
			path = Components;
			sourceTree = "<group>";
		};
		1E304E0C2A97DDD200993394 /* Profile */ = {
			isa = PBXGroup;
			children = (
				1EAF810B2A9A337C009DA4C3 /* StateView */,
				1E304E1A2A9894FF00993394 /* Models */,
				1E304E192A9894EE00993394 /* Components */,
				1E304E0D2A97DDE800993394 /* Screens */,
			);
			path = Profile;
			sourceTree = "<group>";
		};
		1E304E0D2A97DDE800993394 /* Screens */ = {
			isa = PBXGroup;
			children = (
				1E304E0E2A97DDFD00993394 /* ProfileScreen.swift */,
			);
			path = Screens;
			sourceTree = "<group>";
		};
		1E304E132A98945600993394 /* Tabata */ = {
			isa = PBXGroup;
			children = (
				1E304E1E2A98986500993394 /* StateViews */,
				1E304E182A9894DA00993394 /* Components */,
				1E304E172A9894D300993394 /* Models */,
				1E304E142A98946D00993394 /* Screens */,
			);
			path = Tabata;
			sourceTree = "<group>";
		};
		1E304E142A98946D00993394 /* Screens */ = {
			isa = PBXGroup;
			children = (
				1E304E152A98947E00993394 /* TabataScreen.swift */,
				1E304E1C2A98959400993394 /* TabataSettingsScreen.swift */,
			);
			path = Screens;
			sourceTree = "<group>";
		};
		1E304E172A9894D300993394 /* Models */ = {
			isa = PBXGroup;
			children = (
			);
			path = Models;
			sourceTree = "<group>";
		};
		1E304E182A9894DA00993394 /* Components */ = {
			isa = PBXGroup;
			children = (
			);
			path = Components;
			sourceTree = "<group>";
		};
		1E304E192A9894EE00993394 /* Components */ = {
			isa = PBXGroup;
			children = (
			);
			path = Components;
			sourceTree = "<group>";
		};
		1E304E1A2A9894FF00993394 /* Models */ = {
			isa = PBXGroup;
			children = (
			);
			path = Models;
			sourceTree = "<group>";
		};
		1E304E1E2A98986500993394 /* StateViews */ = {
			isa = PBXGroup;
			children = (
			);
			path = StateViews;
			sourceTree = "<group>";
		};
		1E304E1F2A989A2800993394 /* Services */ = {
			isa = PBXGroup;
			children = (
				1E304E202A989A3B00993394 /* AuthService.swift */,
				1E304E222A989A4F00993394 /* FirestoreService.swift */,
			);
			path = Services;
			sourceTree = "<group>";
		};
		1E304E242A98CFA400993394 /* Environment */ = {
			isa = PBXGroup;
			children = (
				1E304E252A98CFD900993394 /* UserObservableObject.swift */,
			);
			path = Environment;
			sourceTree = "<group>";
		};
		1EAF810B2A9A337C009DA4C3 /* StateView */ = {
			isa = PBXGroup;
			children = (
				1E304E2D2A98E98500993394 /* ProfileStateView.swift */,
			);
			path = StateView;
			sourceTree = "<group>";
		};
/* End PBXGroup section */

/* Begin PBXNativeTarget section */
		1E18FE1F2A96506B0061A9F5 /* TabataExercise */ = {
			isa = PBXNativeTarget;
			buildConfigurationList = 1E18FE2E2A96506C0061A9F5 /* Build configuration list for PBXNativeTarget "TabataExercise" */;
			buildPhases = (
				1E18FE1C2A96506B0061A9F5 /* Sources */,
				1E18FE1D2A96506B0061A9F5 /* Frameworks */,
				1E18FE1E2A96506B0061A9F5 /* Resources */,
			);
			buildRules = (
			);
			dependencies = (
			);
			name = TabataExercise;
			packageProductDependencies = (
				1E2800A32A977EF800D302F9 /* FirebaseAuth */,
				1E2800A52A977EF800D302F9 /* FirebaseFirestore */,
				1E2800A72A977EF800D302F9 /* FirebaseFirestoreSwift */,
				1E2800A92A977EF800D302F9 /* FirebaseStorage */,
			);
			productName = TabataExercise;
			productReference = 1E18FE202A96506B0061A9F5 /* TabataExercise.app */;
			productType = "com.apple.product-type.application";
		};
/* End PBXNativeTarget section */

/* Begin PBXProject section */
		1E18FE182A96506B0061A9F5 /* Project object */ = {
			isa = PBXProject;
			attributes = {
				BuildIndependentTargetsInParallel = 1;
				LastSwiftUpdateCheck = 1430;
				LastUpgradeCheck = 1430;
				TargetAttributes = {
					1E18FE1F2A96506B0061A9F5 = {
						CreatedOnToolsVersion = 14.3.1;
					};
				};
			};
			buildConfigurationList = 1E18FE1B2A96506B0061A9F5 /* Build configuration list for PBXProject "TabataExercise" */;
			compatibilityVersion = "Xcode 14.0";
			developmentRegion = en;
			hasScannedForEncodings = 0;
			knownRegions = (
				en,
				Base,
			);
			mainGroup = 1E18FE172A96506B0061A9F5;
			packageReferences = (
				1E2800A22A977EF800D302F9 /* XCRemoteSwiftPackageReference "firebase-ios-sdk" */,
			);
			productRefGroup = 1E18FE212A96506B0061A9F5 /* Products */;
			projectDirPath = "";
			projectRoot = "";
			targets = (
				1E18FE1F2A96506B0061A9F5 /* TabataExercise */,
			);
		};
/* End PBXProject section */

/* Begin PBXResourcesBuildPhase section */
		1E18FE1E2A96506B0061A9F5 /* Resources */ = {
			isa = PBXResourcesBuildPhase;
			buildActionMask = 2147483647;
			files = (
				1E18FE2B2A96506C0061A9F5 /* Preview Assets.xcassets in Resources */,
				1E2800A12A977E5000D302F9 /* GoogleService-Info.plist in Resources */,
				1E18FE282A96506C0061A9F5 /* Assets.xcassets in Resources */,
			);
			runOnlyForDeploymentPostprocessing = 0;
		};
/* End PBXResourcesBuildPhase section */

/* Begin PBXSourcesBuildPhase section */
		1E18FE1C2A96506B0061A9F5 /* Sources */ = {
			isa = PBXSourcesBuildPhase;
			buildActionMask = 2147483647;
			files = (
				1E18FE412A9655C00061A9F5 /* PrimaryButton.swift in Sources */,
				1E18FE262A96506B0061A9F5 /* ContentView.swift in Sources */,
				1E304E092A97D50100993394 /* Log.swift in Sources */,
				1E304E1D2A98959400993394 /* TabataSettingsScreen.swift in Sources */,
				1E18FE3E2A96532D0061A9F5 /* ForgotPasswordScreen.swift in Sources */,
				1EAF810D2A9A3B40009DA4C3 /* AlertMessage.swift in Sources */,
				1E304E0F2A97DDFD00993394 /* ProfileScreen.swift in Sources */,
				1E18FE4A2A966E700061A9F5 /* FotterNavigation.swift in Sources */,
				1E304E232A989A4F00993394 /* FirestoreService.swift in Sources */,
				1E18FE242A96506B0061A9F5 /* TabataExerciseApp.swift in Sources */,
				1E18FE3A2A9652E30061A9F5 /* SignInScreen.swift in Sources */,
				1E304E2E2A98E98500993394 /* ProfileStateView.swift in Sources */,
				1E2800AC2A97800000D302F9 /* AuthViewState.swift in Sources */,
				1E304E262A98CFD900993394 /* UserObservableObject.swift in Sources */,
				1E304E0B2A97D94500993394 /* User.swift in Sources */,
				1E18FE3C2A96530B0061A9F5 /* SignUpScreen.swift in Sources */,
				1E18FE452A9668980061A9F5 /* AuthTitle.swift in Sources */,
				1E304E282A98DE5C00993394 /* SignInStateView.swift in Sources */,
				1E304E212A989A3B00993394 /* AuthService.swift in Sources */,
				1E304E162A98947E00993394 /* TabataScreen.swift in Sources */,
				1E304E2A2A98E65200993394 /* SignUpStateView.swift in Sources */,
				1E304E2C2A98E7C000993394 /* ForgorPasswordStateView.swift in Sources */,
				1E18FE432A965DA80061A9F5 /* TextInput.swift in Sources */,
			);
			runOnlyForDeploymentPostprocessing = 0;
		};
/* End PBXSourcesBuildPhase section */

/* Begin XCBuildConfiguration section */
		1E18FE2C2A96506C0061A9F5 /* Debug */ = {
			isa = XCBuildConfiguration;
			buildSettings = {
				ALWAYS_SEARCH_USER_PATHS = NO;
				CLANG_ANALYZER_NONNULL = YES;
				CLANG_ANALYZER_NUMBER_OBJECT_CONVERSION = YES_AGGRESSIVE;
				CLANG_CXX_LANGUAGE_STANDARD = "gnu++20";
				CLANG_ENABLE_MODULES = YES;
				CLANG_ENABLE_OBJC_ARC = YES;
				CLANG_ENABLE_OBJC_WEAK = YES;
				CLANG_WARN_BLOCK_CAPTURE_AUTORELEASING = YES;
				CLANG_WARN_BOOL_CONVERSION = YES;
				CLANG_WARN_COMMA = YES;
				CLANG_WARN_CONSTANT_CONVERSION = YES;
				CLANG_WARN_DEPRECATED_OBJC_IMPLEMENTATIONS = YES;
				CLANG_WARN_DIRECT_OBJC_ISA_USAGE = YES_ERROR;
				CLANG_WARN_DOCUMENTATION_COMMENTS = YES;
				CLANG_WARN_EMPTY_BODY = YES;
				CLANG_WARN_ENUM_CONVERSION = YES;
				CLANG_WARN_INFINITE_RECURSION = YES;
				CLANG_WARN_INT_CONVERSION = YES;
				CLANG_WARN_NON_LITERAL_NULL_CONVERSION = YES;
				CLANG_WARN_OBJC_IMPLICIT_RETAIN_SELF = YES;
				CLANG_WARN_OBJC_LITERAL_CONVERSION = YES;
				CLANG_WARN_OBJC_ROOT_CLASS = YES_ERROR;
				CLANG_WARN_QUOTED_INCLUDE_IN_FRAMEWORK_HEADER = YES;
				CLANG_WARN_RANGE_LOOP_ANALYSIS = YES;
				CLANG_WARN_STRICT_PROTOTYPES = YES;
				CLANG_WARN_SUSPICIOUS_MOVE = YES;
				CLANG_WARN_UNGUARDED_AVAILABILITY = YES_AGGRESSIVE;
				CLANG_WARN_UNREACHABLE_CODE = YES;
				CLANG_WARN__DUPLICATE_METHOD_MATCH = YES;
				COPY_PHASE_STRIP = NO;
				DEBUG_INFORMATION_FORMAT = dwarf;
				ENABLE_STRICT_OBJC_MSGSEND = YES;
				ENABLE_TESTABILITY = YES;
				GCC_C_LANGUAGE_STANDARD = gnu11;
				GCC_DYNAMIC_NO_PIC = NO;
				GCC_NO_COMMON_BLOCKS = YES;
				GCC_OPTIMIZATION_LEVEL = 0;
				GCC_PREPROCESSOR_DEFINITIONS = (
					"DEBUG=1",
					"$(inherited)",
				);
				GCC_WARN_64_TO_32_BIT_CONVERSION = YES;
				GCC_WARN_ABOUT_RETURN_TYPE = YES_ERROR;
				GCC_WARN_UNDECLARED_SELECTOR = YES;
				GCC_WARN_UNINITIALIZED_AUTOS = YES_AGGRESSIVE;
				GCC_WARN_UNUSED_FUNCTION = YES;
				GCC_WARN_UNUSED_VARIABLE = YES;
				IPHONEOS_DEPLOYMENT_TARGET = 16.4;
				MTL_ENABLE_DEBUG_INFO = INCLUDE_SOURCE;
				MTL_FAST_MATH = YES;
				ONLY_ACTIVE_ARCH = YES;
				SDKROOT = iphoneos;
				SWIFT_ACTIVE_COMPILATION_CONDITIONS = DEBUG;
				SWIFT_OPTIMIZATION_LEVEL = "-Onone";
			};
			name = Debug;
		};
		1E18FE2D2A96506C0061A9F5 /* Release */ = {
			isa = XCBuildConfiguration;
			buildSettings = {
				ALWAYS_SEARCH_USER_PATHS = NO;
				CLANG_ANALYZER_NONNULL = YES;
				CLANG_ANALYZER_NUMBER_OBJECT_CONVERSION = YES_AGGRESSIVE;
				CLANG_CXX_LANGUAGE_STANDARD = "gnu++20";
				CLANG_ENABLE_MODULES = YES;
				CLANG_ENABLE_OBJC_ARC = YES;
				CLANG_ENABLE_OBJC_WEAK = YES;
				CLANG_WARN_BLOCK_CAPTURE_AUTORELEASING = YES;
				CLANG_WARN_BOOL_CONVERSION = YES;
				CLANG_WARN_COMMA = YES;
				CLANG_WARN_CONSTANT_CONVERSION = YES;
				CLANG_WARN_DEPRECATED_OBJC_IMPLEMENTATIONS = YES;
				CLANG_WARN_DIRECT_OBJC_ISA_USAGE = YES_ERROR;
				CLANG_WARN_DOCUMENTATION_COMMENTS = YES;
				CLANG_WARN_EMPTY_BODY = YES;
				CLANG_WARN_ENUM_CONVERSION = YES;
				CLANG_WARN_INFINITE_RECURSION = YES;
				CLANG_WARN_INT_CONVERSION = YES;
				CLANG_WARN_NON_LITERAL_NULL_CONVERSION = YES;
				CLANG_WARN_OBJC_IMPLICIT_RETAIN_SELF = YES;
				CLANG_WARN_OBJC_LITERAL_CONVERSION = YES;
				CLANG_WARN_OBJC_ROOT_CLASS = YES_ERROR;
				CLANG_WARN_QUOTED_INCLUDE_IN_FRAMEWORK_HEADER = YES;
				CLANG_WARN_RANGE_LOOP_ANALYSIS = YES;
				CLANG_WARN_STRICT_PROTOTYPES = YES;
				CLANG_WARN_SUSPICIOUS_MOVE = YES;
				CLANG_WARN_UNGUARDED_AVAILABILITY = YES_AGGRESSIVE;
				CLANG_WARN_UNREACHABLE_CODE = YES;
				CLANG_WARN__DUPLICATE_METHOD_MATCH = YES;
				COPY_PHASE_STRIP = NO;
				DEBUG_INFORMATION_FORMAT = "dwarf-with-dsym";
				ENABLE_NS_ASSERTIONS = NO;
				ENABLE_STRICT_OBJC_MSGSEND = YES;
				GCC_C_LANGUAGE_STANDARD = gnu11;
				GCC_NO_COMMON_BLOCKS = YES;
				GCC_WARN_64_TO_32_BIT_CONVERSION = YES;
				GCC_WARN_ABOUT_RETURN_TYPE = YES_ERROR;
				GCC_WARN_UNDECLARED_SELECTOR = YES;
				GCC_WARN_UNINITIALIZED_AUTOS = YES_AGGRESSIVE;
				GCC_WARN_UNUSED_FUNCTION = YES;
				GCC_WARN_UNUSED_VARIABLE = YES;
				IPHONEOS_DEPLOYMENT_TARGET = 16.4;
				MTL_ENABLE_DEBUG_INFO = NO;
				MTL_FAST_MATH = YES;
				SDKROOT = iphoneos;
				SWIFT_COMPILATION_MODE = wholemodule;
				SWIFT_OPTIMIZATION_LEVEL = "-O";
				VALIDATE_PRODUCT = YES;
			};
			name = Release;
		};
		1E18FE2F2A96506C0061A9F5 /* Debug */ = {
			isa = XCBuildConfiguration;
			buildSettings = {
				ASSETCATALOG_COMPILER_APPICON_NAME = AppIcon;
				ASSETCATALOG_COMPILER_GLOBAL_ACCENT_COLOR_NAME = AccentColor;
				CODE_SIGN_STYLE = Automatic;
				CURRENT_PROJECT_VERSION = 1;
				DEVELOPMENT_ASSET_PATHS = "\"TabataExercise/Preview Content\"";
				DEVELOPMENT_TEAM = U6U6MSV7P2;
				ENABLE_PREVIEWS = YES;
				GENERATE_INFOPLIST_FILE = YES;
				INFOPLIST_KEY_UIApplicationSceneManifest_Generation = YES;
				INFOPLIST_KEY_UIApplicationSupportsIndirectInputEvents = YES;
				INFOPLIST_KEY_UILaunchScreen_Generation = YES;
				INFOPLIST_KEY_UISupportedInterfaceOrientations_iPad = "UIInterfaceOrientationPortrait UIInterfaceOrientationPortraitUpsideDown UIInterfaceOrientationLandscapeLeft UIInterfaceOrientationLandscapeRight";
				INFOPLIST_KEY_UISupportedInterfaceOrientations_iPhone = "UIInterfaceOrientationPortrait UIInterfaceOrientationLandscapeLeft UIInterfaceOrientationLandscapeRight";
				LD_RUNPATH_SEARCH_PATHS = (
					"$(inherited)",
					"@executable_path/Frameworks",
				);
				MARKETING_VERSION = 1.0;
				PRODUCT_BUNDLE_IDENTIFIER = com.janvaverka.TabataExercise;
				PRODUCT_NAME = "$(TARGET_NAME)";
				SWIFT_EMIT_LOC_STRINGS = YES;
				SWIFT_VERSION = 5.0;
				TARGETED_DEVICE_FAMILY = "1,2";
			};
			name = Debug;
		};
		1E18FE302A96506C0061A9F5 /* Release */ = {
			isa = XCBuildConfiguration;
			buildSettings = {
				ASSETCATALOG_COMPILER_APPICON_NAME = AppIcon;
				ASSETCATALOG_COMPILER_GLOBAL_ACCENT_COLOR_NAME = AccentColor;
				CODE_SIGN_STYLE = Automatic;
				CURRENT_PROJECT_VERSION = 1;
				DEVELOPMENT_ASSET_PATHS = "\"TabataExercise/Preview Content\"";
				DEVELOPMENT_TEAM = U6U6MSV7P2;
				ENABLE_PREVIEWS = YES;
				GENERATE_INFOPLIST_FILE = YES;
				INFOPLIST_KEY_UIApplicationSceneManifest_Generation = YES;
				INFOPLIST_KEY_UIApplicationSupportsIndirectInputEvents = YES;
				INFOPLIST_KEY_UILaunchScreen_Generation = YES;
				INFOPLIST_KEY_UISupportedInterfaceOrientations_iPad = "UIInterfaceOrientationPortrait UIInterfaceOrientationPortraitUpsideDown UIInterfaceOrientationLandscapeLeft UIInterfaceOrientationLandscapeRight";
				INFOPLIST_KEY_UISupportedInterfaceOrientations_iPhone = "UIInterfaceOrientationPortrait UIInterfaceOrientationLandscapeLeft UIInterfaceOrientationLandscapeRight";
				LD_RUNPATH_SEARCH_PATHS = (
					"$(inherited)",
					"@executable_path/Frameworks",
				);
				MARKETING_VERSION = 1.0;
				PRODUCT_BUNDLE_IDENTIFIER = com.janvaverka.TabataExercise;
				PRODUCT_NAME = "$(TARGET_NAME)";
				SWIFT_EMIT_LOC_STRINGS = YES;
				SWIFT_VERSION = 5.0;
				TARGETED_DEVICE_FAMILY = "1,2";
			};
			name = Release;
		};
/* End XCBuildConfiguration section */

/* Begin XCConfigurationList section */
		1E18FE1B2A96506B0061A9F5 /* Build configuration list for PBXProject "TabataExercise" */ = {
			isa = XCConfigurationList;
			buildConfigurations = (
				1E18FE2C2A96506C0061A9F5 /* Debug */,
				1E18FE2D2A96506C0061A9F5 /* Release */,
			);
			defaultConfigurationIsVisible = 0;
			defaultConfigurationName = Release;
		};
		1E18FE2E2A96506C0061A9F5 /* Build configuration list for PBXNativeTarget "TabataExercise" */ = {
			isa = XCConfigurationList;
			buildConfigurations = (
				1E18FE2F2A96506C0061A9F5 /* Debug */,
				1E18FE302A96506C0061A9F5 /* Release */,
			);
			defaultConfigurationIsVisible = 0;
			defaultConfigurationName = Release;
		};
/* End XCConfigurationList section */

/* Begin XCRemoteSwiftPackageReference section */
		1E2800A22A977EF800D302F9 /* XCRemoteSwiftPackageReference "firebase-ios-sdk" */ = {
			isa = XCRemoteSwiftPackageReference;
			repositoryURL = "https://github.com/firebase/firebase-ios-sdk";
			requirement = {
				kind = upToNextMajorVersion;
				minimumVersion = 10.0.0;
			};
		};
/* End XCRemoteSwiftPackageReference section */

/* Begin XCSwiftPackageProductDependency section */
		1E2800A32A977EF800D302F9 /* FirebaseAuth */ = {
			isa = XCSwiftPackageProductDependency;
			package = 1E2800A22A977EF800D302F9 /* XCRemoteSwiftPackageReference "firebase-ios-sdk" */;
			productName = FirebaseAuth;
		};
		1E2800A52A977EF800D302F9 /* FirebaseFirestore */ = {
			isa = XCSwiftPackageProductDependency;
			package = 1E2800A22A977EF800D302F9 /* XCRemoteSwiftPackageReference "firebase-ios-sdk" */;
			productName = FirebaseFirestore;
		};
		1E2800A72A977EF800D302F9 /* FirebaseFirestoreSwift */ = {
			isa = XCSwiftPackageProductDependency;
			package = 1E2800A22A977EF800D302F9 /* XCRemoteSwiftPackageReference "firebase-ios-sdk" */;
			productName = FirebaseFirestoreSwift;
		};
		1E2800A92A977EF800D302F9 /* FirebaseStorage */ = {
			isa = XCSwiftPackageProductDependency;
			package = 1E2800A22A977EF800D302F9 /* XCRemoteSwiftPackageReference "firebase-ios-sdk" */;
			productName = FirebaseStorage;
		};
/* End XCSwiftPackageProductDependency section */
	};
	rootObject = 1E18FE182A96506B0061A9F5 /* Project object */;
}
