// !$*UTF8*$!
{
	archiveVersion = 1;
	classes = {
	};
	objectVersion = 56;
	objects = {

/* Begin PBXBuildFile section */
		1E02A3372A9DCC51001D933C /* TabataSettingsStateView.swift in Sources */ = {isa = PBXBuildFile; fileRef = 1E02A3362A9DCC51001D933C /* TabataSettingsStateView.swift */; };
		1E02A33B2A9DD0A9001D933C /* TimeBottomSheet.swift in Sources */ = {isa = PBXBuildFile; fileRef = 1E02A33A2A9DD0A9001D933C /* TimeBottomSheet.swift */; };
		1E02A33D2A9DDD0E001D933C /* RepeatsSpinnerSelection.swift in Sources */ = {isa = PBXBuildFile; fileRef = 1E02A33C2A9DDD0E001D933C /* RepeatsSpinnerSelection.swift */; };
		1E02A33F2A9DDED6001D933C /* RepeatsSheet.swift in Sources */ = {isa = PBXBuildFile; fileRef = 1E02A33E2A9DDED6001D933C /* RepeatsSheet.swift */; };
		1E18FE242A96506B0061A9F5 /* TabataExerciseApp.swift in Sources */ = {isa = PBXBuildFile; fileRef = 1E18FE232A96506B0061A9F5 /* TabataExerciseApp.swift */; };
		1E18FE262A96506B0061A9F5 /* ContentView.swift in Sources */ = {isa = PBXBuildFile; fileRef = 1E18FE252A96506B0061A9F5 /* ContentView.swift */; };
		1E18FE282A96506C0061A9F5 /* Assets.xcassets in Resources */ = {isa = PBXBuildFile; fileRef = 1E18FE272A96506C0061A9F5 /* Assets.xcassets */; };
		1E18FE2B2A96506C0061A9F5 /* Preview Assets.xcassets in Resources */ = {isa = PBXBuildFile; fileRef = 1E18FE2A2A96506C0061A9F5 /* Preview Assets.xcassets */; };
		1E18FE3A2A9652E30061A9F5 /* SignInScreen.swift in Sources */ = {isa = PBXBuildFile; fileRef = 1E18FE392A9652E30061A9F5 /* SignInScreen.swift */; };
		1E18FE3C2A96530B0061A9F5 /* SignUpScreen.swift in Sources */ = {isa = PBXBuildFile; fileRef = 1E18FE3B2A96530B0061A9F5 /* SignUpScreen.swift */; };
		1E18FE3E2A96532D0061A9F5 /* ForgotPasswordScreen.swift in Sources */ = {isa = PBXBuildFile; fileRef = 1E18FE3D2A96532D0061A9F5 /* ForgotPasswordScreen.swift */; };
		1E18FE412A9655C00061A9F5 /* PrimaryButton.swift in Sources */ = {isa = PBXBuildFile; fileRef = 1E18FE402A9655C00061A9F5 /* PrimaryButton.swift */; };
		1E18FE432A965DA80061A9F5 /* TextInput.swift in Sources */ = {isa = PBXBuildFile; fileRef = 1E18FE422A965DA80061A9F5 /* TextInput.swift */; };
		1E18FE452A9668980061A9F5 /* AuthTitle.swift in Sources */ = {isa = PBXBuildFile; fileRef = 1E18FE442A9668980061A9F5 /* AuthTitle.swift */; };
		1E18FE4A2A966E700061A9F5 /* FotterNavigation.swift in Sources */ = {isa = PBXBuildFile; fileRef = 1E18FE492A966E700061A9F5 /* FotterNavigation.swift */; };
		1E23A9552AA65480001D5295 /* ListRowSound.swift in Sources */ = {isa = PBXBuildFile; fileRef = 1E23A9542AA65480001D5295 /* ListRowSound.swift */; };
		1E23A9572AA700B1001D5295 /* Sounds.swift in Sources */ = {isa = PBXBuildFile; fileRef = 1E23A9562AA700B1001D5295 /* Sounds.swift */; };
		1E23A95C2AA706A7001D5295 /* fanfare.mp3 in Resources */ = {isa = PBXBuildFile; fileRef = 1E23A9582AA706A7001D5295 /* fanfare.mp3 */; };
		1E23A95D2AA706A7001D5295 /* nextLevel.mp3 in Resources */ = {isa = PBXBuildFile; fileRef = 1E23A9592AA706A7001D5295 /* nextLevel.mp3 */; };
		1E23A95E2AA706A7001D5295 /* tada.mp3 in Resources */ = {isa = PBXBuildFile; fileRef = 1E23A95A2AA706A7001D5295 /* tada.mp3 */; };
		1E23A95F2AA706A7001D5295 /* yay.mp3 in Resources */ = {isa = PBXBuildFile; fileRef = 1E23A95B2AA706A7001D5295 /* yay.mp3 */; };
		1E2800A12A977E5000D302F9 /* GoogleService-Info.plist in Resources */ = {isa = PBXBuildFile; fileRef = 1E2800A02A977E5000D302F9 /* GoogleService-Info.plist */; };
		1E2800A42A977EF800D302F9 /* FirebaseAuth in Frameworks */ = {isa = PBXBuildFile; productRef = 1E2800A32A977EF800D302F9 /* FirebaseAuth */; };
		1E2800A62A977EF800D302F9 /* FirebaseFirestore in Frameworks */ = {isa = PBXBuildFile; productRef = 1E2800A52A977EF800D302F9 /* FirebaseFirestore */; };
		1E2800A82A977EF800D302F9 /* FirebaseFirestoreSwift in Frameworks */ = {isa = PBXBuildFile; productRef = 1E2800A72A977EF800D302F9 /* FirebaseFirestoreSwift */; };
		1E2800AA2A977EF800D302F9 /* FirebaseStorage in Frameworks */ = {isa = PBXBuildFile; productRef = 1E2800A92A977EF800D302F9 /* FirebaseStorage */; };
		1E304E092A97D50100993394 /* Log.swift in Sources */ = {isa = PBXBuildFile; fileRef = 1E304E082A97D50100993394 /* Log.swift */; };
		1E304E0B2A97D94500993394 /* User.swift in Sources */ = {isa = PBXBuildFile; fileRef = 1E304E0A2A97D94500993394 /* User.swift */; };
		1E304E0F2A97DDFD00993394 /* ProfileScreen.swift in Sources */ = {isa = PBXBuildFile; fileRef = 1E304E0E2A97DDFD00993394 /* ProfileScreen.swift */; };
		1E304E162A98947E00993394 /* TabataScreen.swift in Sources */ = {isa = PBXBuildFile; fileRef = 1E304E152A98947E00993394 /* TabataScreen.swift */; };
		1E304E1D2A98959400993394 /* TabataSettingsScreen.swift in Sources */ = {isa = PBXBuildFile; fileRef = 1E304E1C2A98959400993394 /* TabataSettingsScreen.swift */; };
		1E304E212A989A3B00993394 /* AuthService.swift in Sources */ = {isa = PBXBuildFile; fileRef = 1E304E202A989A3B00993394 /* AuthService.swift */; };
		1E304E232A989A4F00993394 /* FirestoreService.swift in Sources */ = {isa = PBXBuildFile; fileRef = 1E304E222A989A4F00993394 /* FirestoreService.swift */; };
		1E304E262A98CFD900993394 /* UserObservableObject.swift in Sources */ = {isa = PBXBuildFile; fileRef = 1E304E252A98CFD900993394 /* UserObservableObject.swift */; };
		1E304E282A98DE5C00993394 /* SignInStateView.swift in Sources */ = {isa = PBXBuildFile; fileRef = 1E304E272A98DE5C00993394 /* SignInStateView.swift */; };
		1E304E2A2A98E65200993394 /* SignUpStateView.swift in Sources */ = {isa = PBXBuildFile; fileRef = 1E304E292A98E65200993394 /* SignUpStateView.swift */; };
		1E304E2C2A98E7C000993394 /* ForgorPasswordStateView.swift in Sources */ = {isa = PBXBuildFile; fileRef = 1E304E2B2A98E7C000993394 /* ForgorPasswordStateView.swift */; };
		1E304E2E2A98E98500993394 /* ProfileStateView.swift in Sources */ = {isa = PBXBuildFile; fileRef = 1E304E2D2A98E98500993394 /* ProfileStateView.swift */; };
		1E39FF262A9CE2060061E7E0 /* CircleButton.swift in Sources */ = {isa = PBXBuildFile; fileRef = 1E39FF252A9CE2060061E7E0 /* CircleButton.swift */; };
		1E39FF282A9CE99B0061E7E0 /* ProgressText.swift in Sources */ = {isa = PBXBuildFile; fileRef = 1E39FF272A9CE99B0061E7E0 /* ProgressText.swift */; };
		1E39FF2A2A9CED830061E7E0 /* ListRow.swift in Sources */ = {isa = PBXBuildFile; fileRef = 1E39FF292A9CED830061E7E0 /* ListRow.swift */; };
		1E39FF2C2A9CFCBF0061E7E0 /* TabataObservableObject.swift in Sources */ = {isa = PBXBuildFile; fileRef = 1E39FF2B2A9CFCBF0061E7E0 /* TabataObservableObject.swift */; };
		1E39FF2E2A9CFD120061E7E0 /* TabataPhase.swift in Sources */ = {isa = PBXBuildFile; fileRef = 1E39FF2D2A9CFD120061E7E0 /* TabataPhase.swift */; };
		1E39FF302A9D05040061E7E0 /* TimeSpinnerSelection.swift in Sources */ = {isa = PBXBuildFile; fileRef = 1E39FF2F2A9D05040061E7E0 /* TimeSpinnerSelection.swift */; };
		1E3DF8F82AA0BFEA002BAF96 /* TabataStateView.swift in Sources */ = {isa = PBXBuildFile; fileRef = 1E3DF8F72AA0BFEA002BAF96 /* TabataStateView.swift */; };
		1E3DF8FA2AA0C0BE002BAF96 /* WorkoutState.swift in Sources */ = {isa = PBXBuildFile; fileRef = 1E3DF8F92AA0C0BE002BAF96 /* WorkoutState.swift */; };
		1E3DF8FC2AA1CC46002BAF96 /* CircleSettingsButton.swift in Sources */ = {isa = PBXBuildFile; fileRef = 1E3DF8FB2AA1CC46002BAF96 /* CircleSettingsButton.swift */; };
		1E3DF8FE2AA1D284002BAF96 /* ColoredRing.swift in Sources */ = {isa = PBXBuildFile; fileRef = 1E3DF8FD2AA1D284002BAF96 /* ColoredRing.swift */; };
		1E41BB6E2AA8B96B0084BB9A /* WorkoutCard.swift in Sources */ = {isa = PBXBuildFile; fileRef = 1E41BB6D2AA8B96B0084BB9A /* WorkoutCard.swift */; };
		1E41BB702AA8ECB80084BB9A /* WorkoutHistoryScreen.swift in Sources */ = {isa = PBXBuildFile; fileRef = 1E41BB6F2AA8ECB80084BB9A /* WorkoutHistoryScreen.swift */; };
		1E41BB722AA8EE900084BB9A /* ListRowProfile.swift in Sources */ = {isa = PBXBuildFile; fileRef = 1E41BB712AA8EE900084BB9A /* ListRowProfile.swift */; };
		1E504D742AA4DFD200CA5EA3 /* StatisticsGrid.swift in Sources */ = {isa = PBXBuildFile; fileRef = 1E504D732AA4DFD200CA5EA3 /* StatisticsGrid.swift */; };
		1E504D762AA4E46200CA5EA3 /* StatisticsText.swift in Sources */ = {isa = PBXBuildFile; fileRef = 1E504D752AA4E46200CA5EA3 /* StatisticsText.swift */; };
		1E504D782AA4ED3B00CA5EA3 /* IntensityRow.swift in Sources */ = {isa = PBXBuildFile; fileRef = 1E504D772AA4ED3B00CA5EA3 /* IntensityRow.swift */; };
		1E504D7A2AA4EEEB00CA5EA3 /* SummaryTitleWithCloseButton.swift in Sources */ = {isa = PBXBuildFile; fileRef = 1E504D792AA4EEEB00CA5EA3 /* SummaryTitleWithCloseButton.swift */; };
		1E504D7E2AA5A6C100CA5EA3 /* IntToTimeString.swift in Sources */ = {isa = PBXBuildFile; fileRef = 1E504D7D2AA5A6C100CA5EA3 /* IntToTimeString.swift */; };
		1E74493F2AA9992800F10395 /* ProfileInfoCard.swift in Sources */ = {isa = PBXBuildFile; fileRef = 1E74493E2AA9992800F10395 /* ProfileInfoCard.swift */; };
		1E7449412AA9BA5700F10395 /* Workout.swift in Sources */ = {isa = PBXBuildFile; fileRef = 1E7449402AA9BA5700F10395 /* Workout.swift */; };
		1E7449432AA9F7EC00F10395 /* tick.mp3 in Resources */ = {isa = PBXBuildFile; fileRef = 1E7449422AA9F7EC00F10395 /* tick.mp3 */; };
		1E843A572A9F8A0F004E43D2 /* TabataSettings.swift in Sources */ = {isa = PBXBuildFile; fileRef = 1E843A562A9F8A0F004E43D2 /* TabataSettings.swift */; };
		1EAF810D2A9A3B40009DA4C3 /* AlertMessage.swift in Sources */ = {isa = PBXBuildFile; fileRef = 1EAF810C2A9A3B40009DA4C3 /* AlertMessage.swift */; };
		1EAF810F2A9B9E11009DA4C3 /* ProgressRing.swift in Sources */ = {isa = PBXBuildFile; fileRef = 1EAF810E2A9B9E11009DA4C3 /* ProgressRing.swift */; };
		1EAF81112A9B9E9D009DA4C3 /* Gradients.swift in Sources */ = {isa = PBXBuildFile; fileRef = 1EAF81102A9B9E9D009DA4C3 /* Gradients.swift */; };
		1EC0A60B2AA4BC5D0008F3F3 /* SummaryScreen.swift in Sources */ = {isa = PBXBuildFile; fileRef = 1EC0A60A2AA4BC5D0008F3F3 /* SummaryScreen.swift */; };
		1EC0A60D2AA4C0070008F3F3 /* SummaryStateView.swift in Sources */ = {isa = PBXBuildFile; fileRef = 1EC0A60C2AA4C0070008F3F3 /* SummaryStateView.swift */; };
		1EC0A60F2AA4CBEE0008F3F3 /* IntensityScreen.swift in Sources */ = {isa = PBXBuildFile; fileRef = 1EC0A60E2AA4CBEE0008F3F3 /* IntensityScreen.swift */; };
		1EC0A6112AA4CCC60008F3F3 /* Intensity.swift in Sources */ = {isa = PBXBuildFile; fileRef = 1EC0A6102AA4CCC60008F3F3 /* Intensity.swift */; };
		1EED3E142AA61E1A008D05B5 /* airhorn.mp3 in Resources */ = {isa = PBXBuildFile; fileRef = 1EED3E132AA61E1A008D05B5 /* airhorn.mp3 */; };
		1EED3E162AA61E79008D05B5 /* SoundService.swift in Sources */ = {isa = PBXBuildFile; fileRef = 1EED3E152AA61E79008D05B5 /* SoundService.swift */; };
		1EED3E1C2AA62215008D05B5 /* trippleAirhorn.mp3 in Resources */ = {isa = PBXBuildFile; fileRef = 1EED3E172AA62215008D05B5 /* trippleAirhorn.mp3 */; };
		1EED3E1D2AA62215008D05B5 /* relax.mp3 in Resources */ = {isa = PBXBuildFile; fileRef = 1EED3E182AA62215008D05B5 /* relax.mp3 */; };
		1EED3E1E2AA62215008D05B5 /* beep.mp3 in Resources */ = {isa = PBXBuildFile; fileRef = 1EED3E192AA62215008D05B5 /* beep.mp3 */; };
		1EED3E1F2AA62215008D05B5 /* gooo.mp3 in Resources */ = {isa = PBXBuildFile; fileRef = 1EED3E1A2AA62215008D05B5 /* gooo.mp3 */; };
		1EED3E202AA62215008D05B5 /* boxingBell.mp3 in Resources */ = {isa = PBXBuildFile; fileRef = 1EED3E1B2AA62215008D05B5 /* boxingBell.mp3 */; };
		1EED3E262AA63C11008D05B5 /* ListRowSwitch.swift in Sources */ = {isa = PBXBuildFile; fileRef = 1EED3E252AA63C11008D05B5 /* ListRowSwitch.swift */; };
		1EED3E282AA63F74008D05B5 /* SoundsScreen.swift in Sources */ = {isa = PBXBuildFile; fileRef = 1EED3E272AA63F74008D05B5 /* SoundsScreen.swift */; };
		1EED3E2C2AA6492C008D05B5 /* ListRowSelection.swift in Sources */ = {isa = PBXBuildFile; fileRef = 1EED3E2B2AA6492C008D05B5 /* ListRowSelection.swift */; };
/* End PBXBuildFile section */

/* Begin PBXFileReference section */
		1E02A3362A9DCC51001D933C /* TabataSettingsStateView.swift */ = {isa = PBXFileReference; lastKnownFileType = sourcecode.swift; path = TabataSettingsStateView.swift; sourceTree = "<group>"; };
		1E02A33A2A9DD0A9001D933C /* TimeBottomSheet.swift */ = {isa = PBXFileReference; lastKnownFileType = sourcecode.swift; path = TimeBottomSheet.swift; sourceTree = "<group>"; };
		1E02A33C2A9DDD0E001D933C /* RepeatsSpinnerSelection.swift */ = {isa = PBXFileReference; lastKnownFileType = sourcecode.swift; path = RepeatsSpinnerSelection.swift; sourceTree = "<group>"; };
		1E02A33E2A9DDED6001D933C /* RepeatsSheet.swift */ = {isa = PBXFileReference; lastKnownFileType = sourcecode.swift; path = RepeatsSheet.swift; sourceTree = "<group>"; };
		1E18FE202A96506B0061A9F5 /* TabataExercise.app */ = {isa = PBXFileReference; explicitFileType = wrapper.application; includeInIndex = 0; path = TabataExercise.app; sourceTree = BUILT_PRODUCTS_DIR; };
		1E18FE232A96506B0061A9F5 /* TabataExerciseApp.swift */ = {isa = PBXFileReference; lastKnownFileType = sourcecode.swift; path = TabataExerciseApp.swift; sourceTree = "<group>"; };
		1E18FE252A96506B0061A9F5 /* ContentView.swift */ = {isa = PBXFileReference; lastKnownFileType = sourcecode.swift; path = ContentView.swift; sourceTree = "<group>"; };
		1E18FE272A96506C0061A9F5 /* Assets.xcassets */ = {isa = PBXFileReference; lastKnownFileType = folder.assetcatalog; path = Assets.xcassets; sourceTree = "<group>"; };
		1E18FE2A2A96506C0061A9F5 /* Preview Assets.xcassets */ = {isa = PBXFileReference; lastKnownFileType = folder.assetcatalog; path = "Preview Assets.xcassets"; sourceTree = "<group>"; };
		1E18FE392A9652E30061A9F5 /* SignInScreen.swift */ = {isa = PBXFileReference; lastKnownFileType = sourcecode.swift; path = SignInScreen.swift; sourceTree = "<group>"; };
		1E18FE3B2A96530B0061A9F5 /* SignUpScreen.swift */ = {isa = PBXFileReference; lastKnownFileType = sourcecode.swift; path = SignUpScreen.swift; sourceTree = "<group>"; };
		1E18FE3D2A96532D0061A9F5 /* ForgotPasswordScreen.swift */ = {isa = PBXFileReference; lastKnownFileType = sourcecode.swift; path = ForgotPasswordScreen.swift; sourceTree = "<group>"; };
		1E18FE402A9655C00061A9F5 /* PrimaryButton.swift */ = {isa = PBXFileReference; lastKnownFileType = sourcecode.swift; path = PrimaryButton.swift; sourceTree = "<group>"; };
		1E18FE422A965DA80061A9F5 /* TextInput.swift */ = {isa = PBXFileReference; lastKnownFileType = sourcecode.swift; path = TextInput.swift; sourceTree = "<group>"; };
		1E18FE442A9668980061A9F5 /* AuthTitle.swift */ = {isa = PBXFileReference; lastKnownFileType = sourcecode.swift; path = AuthTitle.swift; sourceTree = "<group>"; };
		1E18FE492A966E700061A9F5 /* FotterNavigation.swift */ = {isa = PBXFileReference; lastKnownFileType = sourcecode.swift; path = FotterNavigation.swift; sourceTree = "<group>"; };
		1E23A9542AA65480001D5295 /* ListRowSound.swift */ = {isa = PBXFileReference; lastKnownFileType = sourcecode.swift; path = ListRowSound.swift; sourceTree = "<group>"; };
		1E23A9562AA700B1001D5295 /* Sounds.swift */ = {isa = PBXFileReference; lastKnownFileType = sourcecode.swift; path = Sounds.swift; sourceTree = "<group>"; };
		1E23A9582AA706A7001D5295 /* fanfare.mp3 */ = {isa = PBXFileReference; lastKnownFileType = audio.mp3; path = fanfare.mp3; sourceTree = "<group>"; };
		1E23A9592AA706A7001D5295 /* nextLevel.mp3 */ = {isa = PBXFileReference; lastKnownFileType = audio.mp3; path = nextLevel.mp3; sourceTree = "<group>"; };
		1E23A95A2AA706A7001D5295 /* tada.mp3 */ = {isa = PBXFileReference; lastKnownFileType = audio.mp3; path = tada.mp3; sourceTree = "<group>"; };
		1E23A95B2AA706A7001D5295 /* yay.mp3 */ = {isa = PBXFileReference; lastKnownFileType = audio.mp3; path = yay.mp3; sourceTree = "<group>"; };
		1E23A9602AA72CD5001D5295 /* Info.plist */ = {isa = PBXFileReference; lastKnownFileType = text.plist; path = Info.plist; sourceTree = "<group>"; };
		1E2800A02A977E5000D302F9 /* GoogleService-Info.plist */ = {isa = PBXFileReference; fileEncoding = 4; lastKnownFileType = text.plist.xml; path = "GoogleService-Info.plist"; sourceTree = "<group>"; };
		1E304E082A97D50100993394 /* Log.swift */ = {isa = PBXFileReference; lastKnownFileType = sourcecode.swift; path = Log.swift; sourceTree = "<group>"; };
		1E304E0A2A97D94500993394 /* User.swift */ = {isa = PBXFileReference; lastKnownFileType = sourcecode.swift; path = User.swift; sourceTree = "<group>"; };
		1E304E0E2A97DDFD00993394 /* ProfileScreen.swift */ = {isa = PBXFileReference; lastKnownFileType = sourcecode.swift; path = ProfileScreen.swift; sourceTree = "<group>"; };
		1E304E152A98947E00993394 /* TabataScreen.swift */ = {isa = PBXFileReference; lastKnownFileType = sourcecode.swift; path = TabataScreen.swift; sourceTree = "<group>"; };
		1E304E1C2A98959400993394 /* TabataSettingsScreen.swift */ = {isa = PBXFileReference; lastKnownFileType = sourcecode.swift; path = TabataSettingsScreen.swift; sourceTree = "<group>"; };
		1E304E202A989A3B00993394 /* AuthService.swift */ = {isa = PBXFileReference; lastKnownFileType = sourcecode.swift; path = AuthService.swift; sourceTree = "<group>"; };
		1E304E222A989A4F00993394 /* FirestoreService.swift */ = {isa = PBXFileReference; lastKnownFileType = sourcecode.swift; path = FirestoreService.swift; sourceTree = "<group>"; };
		1E304E252A98CFD900993394 /* UserObservableObject.swift */ = {isa = PBXFileReference; lastKnownFileType = sourcecode.swift; path = UserObservableObject.swift; sourceTree = "<group>"; };
		1E304E272A98DE5C00993394 /* SignInStateView.swift */ = {isa = PBXFileReference; lastKnownFileType = sourcecode.swift; path = SignInStateView.swift; sourceTree = "<group>"; };
		1E304E292A98E65200993394 /* SignUpStateView.swift */ = {isa = PBXFileReference; lastKnownFileType = sourcecode.swift; path = SignUpStateView.swift; sourceTree = "<group>"; };
		1E304E2B2A98E7C000993394 /* ForgorPasswordStateView.swift */ = {isa = PBXFileReference; lastKnownFileType = sourcecode.swift; path = ForgorPasswordStateView.swift; sourceTree = "<group>"; };
		1E304E2D2A98E98500993394 /* ProfileStateView.swift */ = {isa = PBXFileReference; lastKnownFileType = sourcecode.swift; path = ProfileStateView.swift; sourceTree = "<group>"; };
		1E39FF252A9CE2060061E7E0 /* CircleButton.swift */ = {isa = PBXFileReference; lastKnownFileType = sourcecode.swift; path = CircleButton.swift; sourceTree = "<group>"; };
		1E39FF272A9CE99B0061E7E0 /* ProgressText.swift */ = {isa = PBXFileReference; lastKnownFileType = sourcecode.swift; path = ProgressText.swift; sourceTree = "<group>"; };
		1E39FF292A9CED830061E7E0 /* ListRow.swift */ = {isa = PBXFileReference; lastKnownFileType = sourcecode.swift; path = ListRow.swift; sourceTree = "<group>"; };
		1E39FF2B2A9CFCBF0061E7E0 /* TabataObservableObject.swift */ = {isa = PBXFileReference; lastKnownFileType = sourcecode.swift; path = TabataObservableObject.swift; sourceTree = "<group>"; };
		1E39FF2D2A9CFD120061E7E0 /* TabataPhase.swift */ = {isa = PBXFileReference; lastKnownFileType = sourcecode.swift; path = TabataPhase.swift; sourceTree = "<group>"; };
		1E39FF2F2A9D05040061E7E0 /* TimeSpinnerSelection.swift */ = {isa = PBXFileReference; lastKnownFileType = sourcecode.swift; path = TimeSpinnerSelection.swift; sourceTree = "<group>"; };
		1E3DF8F72AA0BFEA002BAF96 /* TabataStateView.swift */ = {isa = PBXFileReference; lastKnownFileType = sourcecode.swift; path = TabataStateView.swift; sourceTree = "<group>"; };
		1E3DF8F92AA0C0BE002BAF96 /* WorkoutState.swift */ = {isa = PBXFileReference; lastKnownFileType = sourcecode.swift; path = WorkoutState.swift; sourceTree = "<group>"; };
		1E3DF8FB2AA1CC46002BAF96 /* CircleSettingsButton.swift */ = {isa = PBXFileReference; lastKnownFileType = sourcecode.swift; path = CircleSettingsButton.swift; sourceTree = "<group>"; };
		1E3DF8FD2AA1D284002BAF96 /* ColoredRing.swift */ = {isa = PBXFileReference; lastKnownFileType = sourcecode.swift; path = ColoredRing.swift; sourceTree = "<group>"; };
		1E41BB6D2AA8B96B0084BB9A /* WorkoutCard.swift */ = {isa = PBXFileReference; lastKnownFileType = sourcecode.swift; path = WorkoutCard.swift; sourceTree = "<group>"; };
		1E41BB6F2AA8ECB80084BB9A /* WorkoutHistoryScreen.swift */ = {isa = PBXFileReference; lastKnownFileType = sourcecode.swift; path = WorkoutHistoryScreen.swift; sourceTree = "<group>"; };
		1E41BB712AA8EE900084BB9A /* ListRowProfile.swift */ = {isa = PBXFileReference; lastKnownFileType = sourcecode.swift; path = ListRowProfile.swift; sourceTree = "<group>"; };
		1E504D732AA4DFD200CA5EA3 /* StatisticsGrid.swift */ = {isa = PBXFileReference; lastKnownFileType = sourcecode.swift; path = StatisticsGrid.swift; sourceTree = "<group>"; };
		1E504D752AA4E46200CA5EA3 /* StatisticsText.swift */ = {isa = PBXFileReference; lastKnownFileType = sourcecode.swift; path = StatisticsText.swift; sourceTree = "<group>"; };
		1E504D772AA4ED3B00CA5EA3 /* IntensityRow.swift */ = {isa = PBXFileReference; lastKnownFileType = sourcecode.swift; path = IntensityRow.swift; sourceTree = "<group>"; };
		1E504D792AA4EEEB00CA5EA3 /* SummaryTitleWithCloseButton.swift */ = {isa = PBXFileReference; lastKnownFileType = sourcecode.swift; path = SummaryTitleWithCloseButton.swift; sourceTree = "<group>"; };
		1E504D7D2AA5A6C100CA5EA3 /* IntToTimeString.swift */ = {isa = PBXFileReference; lastKnownFileType = sourcecode.swift; path = IntToTimeString.swift; sourceTree = "<group>"; };
		1E74493E2AA9992800F10395 /* ProfileInfoCard.swift */ = {isa = PBXFileReference; lastKnownFileType = sourcecode.swift; path = ProfileInfoCard.swift; sourceTree = "<group>"; };
		1E7449402AA9BA5700F10395 /* Workout.swift */ = {isa = PBXFileReference; lastKnownFileType = sourcecode.swift; path = Workout.swift; sourceTree = "<group>"; };
		1E7449422AA9F7EC00F10395 /* tick.mp3 */ = {isa = PBXFileReference; lastKnownFileType = audio.mp3; path = tick.mp3; sourceTree = "<group>"; };
		1E843A562A9F8A0F004E43D2 /* TabataSettings.swift */ = {isa = PBXFileReference; lastKnownFileType = sourcecode.swift; path = TabataSettings.swift; sourceTree = "<group>"; };
		1EAF810C2A9A3B40009DA4C3 /* AlertMessage.swift */ = {isa = PBXFileReference; lastKnownFileType = sourcecode.swift; path = AlertMessage.swift; sourceTree = "<group>"; };
		1EAF810E2A9B9E11009DA4C3 /* ProgressRing.swift */ = {isa = PBXFileReference; lastKnownFileType = sourcecode.swift; path = ProgressRing.swift; sourceTree = "<group>"; };
		1EAF81102A9B9E9D009DA4C3 /* Gradients.swift */ = {isa = PBXFileReference; lastKnownFileType = sourcecode.swift; path = Gradients.swift; sourceTree = "<group>"; };
		1EC0A60A2AA4BC5D0008F3F3 /* SummaryScreen.swift */ = {isa = PBXFileReference; lastKnownFileType = sourcecode.swift; path = SummaryScreen.swift; sourceTree = "<group>"; };
		1EC0A60C2AA4C0070008F3F3 /* SummaryStateView.swift */ = {isa = PBXFileReference; lastKnownFileType = sourcecode.swift; path = SummaryStateView.swift; sourceTree = "<group>"; };
		1EC0A60E2AA4CBEE0008F3F3 /* IntensityScreen.swift */ = {isa = PBXFileReference; lastKnownFileType = sourcecode.swift; path = IntensityScreen.swift; sourceTree = "<group>"; };
		1EC0A6102AA4CCC60008F3F3 /* Intensity.swift */ = {isa = PBXFileReference; lastKnownFileType = sourcecode.swift; path = Intensity.swift; sourceTree = "<group>"; };
		1EED3E132AA61E1A008D05B5 /* airhorn.mp3 */ = {isa = PBXFileReference; lastKnownFileType = audio.mp3; path = airhorn.mp3; sourceTree = "<group>"; };
		1EED3E152AA61E79008D05B5 /* SoundService.swift */ = {isa = PBXFileReference; lastKnownFileType = sourcecode.swift; path = SoundService.swift; sourceTree = "<group>"; };
		1EED3E172AA62215008D05B5 /* trippleAirhorn.mp3 */ = {isa = PBXFileReference; lastKnownFileType = audio.mp3; path = trippleAirhorn.mp3; sourceTree = "<group>"; };
		1EED3E182AA62215008D05B5 /* relax.mp3 */ = {isa = PBXFileReference; lastKnownFileType = audio.mp3; path = relax.mp3; sourceTree = "<group>"; };
		1EED3E192AA62215008D05B5 /* beep.mp3 */ = {isa = PBXFileReference; lastKnownFileType = audio.mp3; path = beep.mp3; sourceTree = "<group>"; };
		1EED3E1A2AA62215008D05B5 /* gooo.mp3 */ = {isa = PBXFileReference; lastKnownFileType = audio.mp3; path = gooo.mp3; sourceTree = "<group>"; };
		1EED3E1B2AA62215008D05B5 /* boxingBell.mp3 */ = {isa = PBXFileReference; lastKnownFileType = audio.mp3; path = boxingBell.mp3; sourceTree = "<group>"; };
		1EED3E252AA63C11008D05B5 /* ListRowSwitch.swift */ = {isa = PBXFileReference; lastKnownFileType = sourcecode.swift; path = ListRowSwitch.swift; sourceTree = "<group>"; };
		1EED3E272AA63F74008D05B5 /* SoundsScreen.swift */ = {isa = PBXFileReference; lastKnownFileType = sourcecode.swift; path = SoundsScreen.swift; sourceTree = "<group>"; };
		1EED3E2B2AA6492C008D05B5 /* ListRowSelection.swift */ = {isa = PBXFileReference; lastKnownFileType = sourcecode.swift; path = ListRowSelection.swift; sourceTree = "<group>"; };
/* End PBXFileReference section */

/* Begin PBXFrameworksBuildPhase section */
		1E18FE1D2A96506B0061A9F5 /* Frameworks */ = {
			isa = PBXFrameworksBuildPhase;
			buildActionMask = 2147483647;
			files = (
				1E2800A42A977EF800D302F9 /* FirebaseAuth in Frameworks */,
				1E2800AA2A977EF800D302F9 /* FirebaseStorage in Frameworks */,
				1E2800A62A977EF800D302F9 /* FirebaseFirestore in Frameworks */,
				1E2800A82A977EF800D302F9 /* FirebaseFirestoreSwift in Frameworks */,
			);
			runOnlyForDeploymentPostprocessing = 0;
		};
/* End PBXFrameworksBuildPhase section */

/* Begin PBXGroup section */
		1E18FE172A96506B0061A9F5 = {
			isa = PBXGroup;
			children = (
				1E18FE222A96506B0061A9F5 /* TabataExercise */,
				1E18FE212A96506B0061A9F5 /* Products */,
			);
			sourceTree = "<group>";
		};
		1E18FE212A96506B0061A9F5 /* Products */ = {
			isa = PBXGroup;
			children = (
				1E18FE202A96506B0061A9F5 /* TabataExercise.app */,
			);
			name = Products;
			sourceTree = "<group>";
		};
		1E18FE222A96506B0061A9F5 /* TabataExercise */ = {
			isa = PBXGroup;
			children = (
				1E23A9602AA72CD5001D5295 /* Info.plist */,
				1EED3E122AA61E1A008D05B5 /* Sounds */,
				1E304E242A98CFA400993394 /* Environments */,
				1E304E1F2A989A2800993394 /* Services */,
				1E18FE312A96521A0061A9F5 /* App */,
				1E18FE332A9652350061A9F5 /* Utils */,
				1E18FE322A9652270061A9F5 /* Modules */,
				1E18FE272A96506C0061A9F5 /* Assets.xcassets */,
				1E2800A02A977E5000D302F9 /* GoogleService-Info.plist */,
				1E18FE292A96506C0061A9F5 /* Preview Content */,
			);
			path = TabataExercise;
			sourceTree = "<group>";
		};
		1E18FE292A96506C0061A9F5 /* Preview Content */ = {
			isa = PBXGroup;
			children = (
				1E18FE2A2A96506C0061A9F5 /* Preview Assets.xcassets */,
			);
			path = "Preview Content";
			sourceTree = "<group>";
		};
		1E18FE312A96521A0061A9F5 /* App */ = {
			isa = PBXGroup;
			children = (
				1E18FE232A96506B0061A9F5 /* TabataExerciseApp.swift */,
			);
			path = App;
			sourceTree = "<group>";
		};
		1E18FE322A9652270061A9F5 /* Modules */ = {
			isa = PBXGroup;
			children = (
				1E304E132A98945600993394 /* Tabata */,
				1E304E0C2A97DDD200993394 /* Profile */,
				1E18FE352A96525F0061A9F5 /* Auth */,
				1E18FE342A9652550061A9F5 /* Root */,
			);
			path = Modules;
			sourceTree = "<group>";
		};
		1E18FE332A9652350061A9F5 /* Utils */ = {
			isa = PBXGroup;
			children = (
				1E304E082A97D50100993394 /* Log.swift */,
				1EAF81102A9B9E9D009DA4C3 /* Gradients.swift */,
				1E504D7D2AA5A6C100CA5EA3 /* IntToTimeString.swift */,
			);
			path = Utils;
			sourceTree = "<group>";
		};
		1E18FE342A9652550061A9F5 /* Root */ = {
			isa = PBXGroup;
			children = (
				1E18FE252A96506B0061A9F5 /* ContentView.swift */,
			);
			path = Root;
			sourceTree = "<group>";
		};
		1E18FE352A96525F0061A9F5 /* Auth */ = {
			isa = PBXGroup;
			children = (
				1E18FE462A9669710061A9F5 /* Components */,
				1E18FE382A9652740061A9F5 /* StateViews */,
				1E18FE372A96526F0061A9F5 /* Screens */,
				1E18FE362A9652690061A9F5 /* Models */,
			);
			path = Auth;
			sourceTree = "<group>";
		};
		1E18FE362A9652690061A9F5 /* Models */ = {
			isa = PBXGroup;
			children = (
				1E304E0A2A97D94500993394 /* User.swift */,
				1E7449402AA9BA5700F10395 /* Workout.swift */,
			);
			path = Models;
			sourceTree = "<group>";
		};
		1E18FE372A96526F0061A9F5 /* Screens */ = {
			isa = PBXGroup;
			children = (
				1E18FE392A9652E30061A9F5 /* SignInScreen.swift */,
				1E18FE3B2A96530B0061A9F5 /* SignUpScreen.swift */,
				1E18FE3D2A96532D0061A9F5 /* ForgotPasswordScreen.swift */,
			);
			path = Screens;
			sourceTree = "<group>";
		};
		1E18FE382A9652740061A9F5 /* StateViews */ = {
			isa = PBXGroup;
			children = (
				1E304E272A98DE5C00993394 /* SignInStateView.swift */,
				1E304E292A98E65200993394 /* SignUpStateView.swift */,
				1E304E2B2A98E7C000993394 /* ForgorPasswordStateView.swift */,
			);
			path = StateViews;
			sourceTree = "<group>";
		};
		1E18FE462A9669710061A9F5 /* Components */ = {
			isa = PBXGroup;
			children = (
				1E18FE402A9655C00061A9F5 /* PrimaryButton.swift */,
				1E18FE422A965DA80061A9F5 /* TextInput.swift */,
				1E18FE442A9668980061A9F5 /* AuthTitle.swift */,
				1E18FE492A966E700061A9F5 /* FotterNavigation.swift */,
				1EAF810C2A9A3B40009DA4C3 /* AlertMessage.swift */,
			);
			path = Components;
			sourceTree = "<group>";
		};
		1E304E0C2A97DDD200993394 /* Profile */ = {
			isa = PBXGroup;
			children = (
				1EAF810B2A9A337C009DA4C3 /* StateView */,
				1E304E1A2A9894FF00993394 /* Models */,
				1E304E192A9894EE00993394 /* Components */,
				1E304E0D2A97DDE800993394 /* Screens */,
			);
			path = Profile;
			sourceTree = "<group>";
		};
		1E304E0D2A97DDE800993394 /* Screens */ = {
			isa = PBXGroup;
			children = (
				1E304E0E2A97DDFD00993394 /* ProfileScreen.swift */,
				1E41BB6F2AA8ECB80084BB9A /* WorkoutHistoryScreen.swift */,
			);
			path = Screens;
			sourceTree = "<group>";
		};
		1E304E132A98945600993394 /* Tabata */ = {
			isa = PBXGroup;
			children = (
				1E304E1E2A98986500993394 /* StateViews */,
				1E304E182A9894DA00993394 /* Components */,
				1E304E172A9894D300993394 /* Models */,
				1E304E142A98946D00993394 /* Screens */,
			);
			path = Tabata;
			sourceTree = "<group>";
		};
		1E304E142A98946D00993394 /* Screens */ = {
			isa = PBXGroup;
			children = (
				1E304E152A98947E00993394 /* TabataScreen.swift */,
				1E304E1C2A98959400993394 /* TabataSettingsScreen.swift */,
				1EC0A60A2AA4BC5D0008F3F3 /* SummaryScreen.swift */,
				1EC0A60E2AA4CBEE0008F3F3 /* IntensityScreen.swift */,
				1EED3E272AA63F74008D05B5 /* SoundsScreen.swift */,
			);
			path = Screens;
			sourceTree = "<group>";
		};
		1E304E172A9894D300993394 /* Models */ = {
			isa = PBXGroup;
			children = (
				1E39FF2D2A9CFD120061E7E0 /* TabataPhase.swift */,
				1E843A562A9F8A0F004E43D2 /* TabataSettings.swift */,
				1E3DF8F92AA0C0BE002BAF96 /* WorkoutState.swift */,
				1EC0A6102AA4CCC60008F3F3 /* Intensity.swift */,
				1E23A9562AA700B1001D5295 /* Sounds.swift */,
			);
			path = Models;
			sourceTree = "<group>";
		};
		1E304E182A9894DA00993394 /* Components */ = {
			isa = PBXGroup;
			children = (
				1EED3E2A2AA648DA008D05B5 /* List */,
				1EAF810E2A9B9E11009DA4C3 /* ProgressRing.swift */,
				1E39FF252A9CE2060061E7E0 /* CircleButton.swift */,
				1E39FF272A9CE99B0061E7E0 /* ProgressText.swift */,
				1E39FF2F2A9D05040061E7E0 /* TimeSpinnerSelection.swift */,
				1E02A33A2A9DD0A9001D933C /* TimeBottomSheet.swift */,
				1E02A33C2A9DDD0E001D933C /* RepeatsSpinnerSelection.swift */,
				1E02A33E2A9DDED6001D933C /* RepeatsSheet.swift */,
				1E3DF8FB2AA1CC46002BAF96 /* CircleSettingsButton.swift */,
				1E3DF8FD2AA1D284002BAF96 /* ColoredRing.swift */,
				1E504D732AA4DFD200CA5EA3 /* StatisticsGrid.swift */,
				1E504D752AA4E46200CA5EA3 /* StatisticsText.swift */,
				1E504D772AA4ED3B00CA5EA3 /* IntensityRow.swift */,
				1E504D792AA4EEEB00CA5EA3 /* SummaryTitleWithCloseButton.swift */,
			);
			path = Components;
			sourceTree = "<group>";
		};
		1E304E192A9894EE00993394 /* Components */ = {
			isa = PBXGroup;
			children = (
				1E41BB6D2AA8B96B0084BB9A /* WorkoutCard.swift */,
				1E41BB712AA8EE900084BB9A /* ListRowProfile.swift */,
				1E74493E2AA9992800F10395 /* ProfileInfoCard.swift */,
			);
			path = Components;
			sourceTree = "<group>";
		};
		1E304E1A2A9894FF00993394 /* Models */ = {
			isa = PBXGroup;
			children = (
			);
			path = Models;
			sourceTree = "<group>";
		};
		1E304E1E2A98986500993394 /* StateViews */ = {
			isa = PBXGroup;
			children = (
				1E02A3362A9DCC51001D933C /* TabataSettingsStateView.swift */,
				1E3DF8F72AA0BFEA002BAF96 /* TabataStateView.swift */,
				1EC0A60C2AA4C0070008F3F3 /* SummaryStateView.swift */,
			);
			path = StateViews;
			sourceTree = "<group>";
		};
		1E304E1F2A989A2800993394 /* Services */ = {
			isa = PBXGroup;
			children = (
				1E304E202A989A3B00993394 /* AuthService.swift */,
				1E304E222A989A4F00993394 /* FirestoreService.swift */,
				1EED3E152AA61E79008D05B5 /* SoundService.swift */,
			);
			path = Services;
			sourceTree = "<group>";
		};
		1E304E242A98CFA400993394 /* Environments */ = {
			isa = PBXGroup;
			children = (
				1E304E252A98CFD900993394 /* UserObservableObject.swift */,
				1E39FF2B2A9CFCBF0061E7E0 /* TabataObservableObject.swift */,
			);
			path = Environments;
			sourceTree = "<group>";
		};
		1EAF810B2A9A337C009DA4C3 /* StateView */ = {
			isa = PBXGroup;
			children = (
				1E304E2D2A98E98500993394 /* ProfileStateView.swift */,
			);
			path = StateView;
			sourceTree = "<group>";
		};
		1EED3E122AA61E1A008D05B5 /* Sounds */ = {
			isa = PBXGroup;
			children = (
				1E7449422AA9F7EC00F10395 /* tick.mp3 */,
				1E23A9582AA706A7001D5295 /* fanfare.mp3 */,
				1E23A9592AA706A7001D5295 /* nextLevel.mp3 */,
				1E23A95A2AA706A7001D5295 /* tada.mp3 */,
				1E23A95B2AA706A7001D5295 /* yay.mp3 */,
				1EED3E192AA62215008D05B5 /* beep.mp3 */,
				1EED3E1B2AA62215008D05B5 /* boxingBell.mp3 */,
				1EED3E1A2AA62215008D05B5 /* gooo.mp3 */,
				1EED3E182AA62215008D05B5 /* relax.mp3 */,
				1EED3E172AA62215008D05B5 /* trippleAirhorn.mp3 */,
				1EED3E132AA61E1A008D05B5 /* airhorn.mp3 */,
			);
			path = Sounds;
			sourceTree = "<group>";
		};
		1EED3E2A2AA648DA008D05B5 /* List */ = {
			isa = PBXGroup;
			children = (
				1E39FF292A9CED830061E7E0 /* ListRow.swift */,
				1EED3E252AA63C11008D05B5 /* ListRowSwitch.swift */,
				1EED3E2B2AA6492C008D05B5 /* ListRowSelection.swift */,
				1E23A9542AA65480001D5295 /* ListRowSound.swift */,
			);
			path = List;
			sourceTree = "<group>";
		};
/* End PBXGroup section */

/* Begin PBXNativeTarget section */
		1E18FE1F2A96506B0061A9F5 /* TabataExercise */ = {
			isa = PBXNativeTarget;
			buildConfigurationList = 1E18FE2E2A96506C0061A9F5 /* Build configuration list for PBXNativeTarget "TabataExercise" */;
			buildPhases = (
				1E18FE1C2A96506B0061A9F5 /* Sources */,
				1E18FE1D2A96506B0061A9F5 /* Frameworks */,
				1E18FE1E2A96506B0061A9F5 /* Resources */,
			);
			buildRules = (
			);
			dependencies = (
			);
			name = TabataExercise;
			packageProductDependencies = (
				1E2800A32A977EF800D302F9 /* FirebaseAuth */,
				1E2800A52A977EF800D302F9 /* FirebaseFirestore */,
				1E2800A72A977EF800D302F9 /* FirebaseFirestoreSwift */,
				1E2800A92A977EF800D302F9 /* FirebaseStorage */,
			);
			productName = TabataExercise;
			productReference = 1E18FE202A96506B0061A9F5 /* TabataExercise.app */;
			productType = "com.apple.product-type.application";
		};
/* End PBXNativeTarget section */

/* Begin PBXProject section */
		1E18FE182A96506B0061A9F5 /* Project object */ = {
			isa = PBXProject;
			attributes = {
				BuildIndependentTargetsInParallel = 1;
				LastSwiftUpdateCheck = 1430;
				LastUpgradeCheck = 1430;
				TargetAttributes = {
					1E18FE1F2A96506B0061A9F5 = {
						CreatedOnToolsVersion = 14.3.1;
					};
				};
			};
			buildConfigurationList = 1E18FE1B2A96506B0061A9F5 /* Build configuration list for PBXProject "TabataExercise" */;
			compatibilityVersion = "Xcode 14.0";
			developmentRegion = en;
			hasScannedForEncodings = 0;
			knownRegions = (
				en,
				Base,
			);
			mainGroup = 1E18FE172A96506B0061A9F5;
			packageReferences = (
				1E2800A22A977EF800D302F9 /* XCRemoteSwiftPackageReference "firebase-ios-sdk" */,
			);
			productRefGroup = 1E18FE212A96506B0061A9F5 /* Products */;
			projectDirPath = "";
			projectRoot = "";
			targets = (
				1E18FE1F2A96506B0061A9F5 /* TabataExercise */,
			);
		};
/* End PBXProject section */

/* Begin PBXResourcesBuildPhase section */
		1E18FE1E2A96506B0061A9F5 /* Resources */ = {
			isa = PBXResourcesBuildPhase;
			buildActionMask = 2147483647;
			files = (
				1E23A95D2AA706A7001D5295 /* nextLevel.mp3 in Resources */,
				1EED3E1C2AA62215008D05B5 /* trippleAirhorn.mp3 in Resources */,
				1EED3E1D2AA62215008D05B5 /* relax.mp3 in Resources */,
				1EED3E1F2AA62215008D05B5 /* gooo.mp3 in Resources */,
				1EED3E142AA61E1A008D05B5 /* airhorn.mp3 in Resources */,
				1E18FE2B2A96506C0061A9F5 /* Preview Assets.xcassets in Resources */,
				1E2800A12A977E5000D302F9 /* GoogleService-Info.plist in Resources */,
				1E7449432AA9F7EC00F10395 /* tick.mp3 in Resources */,
				1E23A95C2AA706A7001D5295 /* fanfare.mp3 in Resources */,
				1E23A95E2AA706A7001D5295 /* tada.mp3 in Resources */,
				1E23A95F2AA706A7001D5295 /* yay.mp3 in Resources */,
				1EED3E202AA62215008D05B5 /* boxingBell.mp3 in Resources */,
				1EED3E1E2AA62215008D05B5 /* beep.mp3 in Resources */,
				1E18FE282A96506C0061A9F5 /* Assets.xcassets in Resources */,
			);
			runOnlyForDeploymentPostprocessing = 0;
		};
/* End PBXResourcesBuildPhase section */

/* Begin PBXSourcesBuildPhase section */
		1E18FE1C2A96506B0061A9F5 /* Sources */ = {
			isa = PBXSourcesBuildPhase;
			buildActionMask = 2147483647;
			files = (
				1E3DF8FA2AA0C0BE002BAF96 /* WorkoutState.swift in Sources */,
				1E39FF2C2A9CFCBF0061E7E0 /* TabataObservableObject.swift in Sources */,
				1EED3E162AA61E79008D05B5 /* SoundService.swift in Sources */,
				1E3DF8F82AA0BFEA002BAF96 /* TabataStateView.swift in Sources */,
				1E02A3372A9DCC51001D933C /* TabataSettingsStateView.swift in Sources */,
				1E18FE412A9655C00061A9F5 /* PrimaryButton.swift in Sources */,
				1E504D762AA4E46200CA5EA3 /* StatisticsText.swift in Sources */,
				1E18FE262A96506B0061A9F5 /* ContentView.swift in Sources */,
				1E39FF302A9D05040061E7E0 /* TimeSpinnerSelection.swift in Sources */,
				1EED3E282AA63F74008D05B5 /* SoundsScreen.swift in Sources */,
				1E304E092A97D50100993394 /* Log.swift in Sources */,
				1E504D7A2AA4EEEB00CA5EA3 /* SummaryTitleWithCloseButton.swift in Sources */,
				1E304E1D2A98959400993394 /* TabataSettingsScreen.swift in Sources */,
				1E3DF8FE2AA1D284002BAF96 /* ColoredRing.swift in Sources */,
				1E843A572A9F8A0F004E43D2 /* TabataSettings.swift in Sources */,
				1EED3E262AA63C11008D05B5 /* ListRowSwitch.swift in Sources */,
				1E18FE3E2A96532D0061A9F5 /* ForgotPasswordScreen.swift in Sources */,
				1EC0A60D2AA4C0070008F3F3 /* SummaryStateView.swift in Sources */,
				1E39FF262A9CE2060061E7E0 /* CircleButton.swift in Sources */,
				1EAF810D2A9A3B40009DA4C3 /* AlertMessage.swift in Sources */,
				1EC0A60F2AA4CBEE0008F3F3 /* IntensityScreen.swift in Sources */,
				1E304E0F2A97DDFD00993394 /* ProfileScreen.swift in Sources */,
				1E504D742AA4DFD200CA5EA3 /* StatisticsGrid.swift in Sources */,
				1E18FE4A2A966E700061A9F5 /* FotterNavigation.swift in Sources */,
				1E304E232A989A4F00993394 /* FirestoreService.swift in Sources */,
				1E18FE242A96506B0061A9F5 /* TabataExerciseApp.swift in Sources */,
				1E23A9572AA700B1001D5295 /* Sounds.swift in Sources */,
				1E18FE3A2A9652E30061A9F5 /* SignInScreen.swift in Sources */,
				1E39FF2A2A9CED830061E7E0 /* ListRow.swift in Sources */,
				1E41BB722AA8EE900084BB9A /* ListRowProfile.swift in Sources */,
				1E02A33F2A9DDED6001D933C /* RepeatsSheet.swift in Sources */,
				1E304E2E2A98E98500993394 /* ProfileStateView.swift in Sources */,
				1E02A33B2A9DD0A9001D933C /* TimeBottomSheet.swift in Sources */,
				1E3DF8FC2AA1CC46002BAF96 /* CircleSettingsButton.swift in Sources */,
				1E504D782AA4ED3B00CA5EA3 /* IntensityRow.swift in Sources */,
				1EED3E2C2AA6492C008D05B5 /* ListRowSelection.swift in Sources */,
				1E304E262A98CFD900993394 /* UserObservableObject.swift in Sources */,
				1EAF810F2A9B9E11009DA4C3 /* ProgressRing.swift in Sources */,
				1EC0A6112AA4CCC60008F3F3 /* Intensity.swift in Sources */,
				1E304E0B2A97D94500993394 /* User.swift in Sources */,
				1E18FE3C2A96530B0061A9F5 /* SignUpScreen.swift in Sources */,
				1E23A9552AA65480001D5295 /* ListRowSound.swift in Sources */,
				1E18FE452A9668980061A9F5 /* AuthTitle.swift in Sources */,
				1E504D7E2AA5A6C100CA5EA3 /* IntToTimeString.swift in Sources */,
				1E304E282A98DE5C00993394 /* SignInStateView.swift in Sources */,
				1E74493F2AA9992800F10395 /* ProfileInfoCard.swift in Sources */,
				1E02A33D2A9DDD0E001D933C /* RepeatsSpinnerSelection.swift in Sources */,
				1E39FF2E2A9CFD120061E7E0 /* TabataPhase.swift in Sources */,
				1E304E212A989A3B00993394 /* AuthService.swift in Sources */,
				1E41BB702AA8ECB80084BB9A /* WorkoutHistoryScreen.swift in Sources */,
				1E7449412AA9BA5700F10395 /* Workout.swift in Sources */,
				1EC0A60B2AA4BC5D0008F3F3 /* SummaryScreen.swift in Sources */,
				1E304E162A98947E00993394 /* TabataScreen.swift in Sources */,
				1EAF81112A9B9E9D009DA4C3 /* Gradients.swift in Sources */,
				1E304E2A2A98E65200993394 /* SignUpStateView.swift in Sources */,
				1E41BB6E2AA8B96B0084BB9A /* WorkoutCard.swift in Sources */,
				1E304E2C2A98E7C000993394 /* ForgorPasswordStateView.swift in Sources */,
				1E18FE432A965DA80061A9F5 /* TextInput.swift in Sources */,
				1E39FF282A9CE99B0061E7E0 /* ProgressText.swift in Sources */,
			);
			runOnlyForDeploymentPostprocessing = 0;
		};
/* End PBXSourcesBuildPhase section */

/* Begin XCBuildConfiguration section */
		1E18FE2C2A96506C0061A9F5 /* Debug */ = {
			isa = XCBuildConfiguration;
			buildSettings = {
				ALWAYS_SEARCH_USER_PATHS = NO;
				CLANG_ANALYZER_NONNULL = YES;
				CLANG_ANALYZER_NUMBER_OBJECT_CONVERSION = YES_AGGRESSIVE;
				CLANG_CXX_LANGUAGE_STANDARD = "gnu++20";
				CLANG_ENABLE_MODULES = YES;
				CLANG_ENABLE_OBJC_ARC = YES;
				CLANG_ENABLE_OBJC_WEAK = YES;
				CLANG_WARN_BLOCK_CAPTURE_AUTORELEASING = YES;
				CLANG_WARN_BOOL_CONVERSION = YES;
				CLANG_WARN_COMMA = YES;
				CLANG_WARN_CONSTANT_CONVERSION = YES;
				CLANG_WARN_DEPRECATED_OBJC_IMPLEMENTATIONS = YES;
				CLANG_WARN_DIRECT_OBJC_ISA_USAGE = YES_ERROR;
				CLANG_WARN_DOCUMENTATION_COMMENTS = YES;
				CLANG_WARN_EMPTY_BODY = YES;
				CLANG_WARN_ENUM_CONVERSION = YES;
				CLANG_WARN_INFINITE_RECURSION = YES;
				CLANG_WARN_INT_CONVERSION = YES;
				CLANG_WARN_NON_LITERAL_NULL_CONVERSION = YES;
				CLANG_WARN_OBJC_IMPLICIT_RETAIN_SELF = YES;
				CLANG_WARN_OBJC_LITERAL_CONVERSION = YES;
				CLANG_WARN_OBJC_ROOT_CLASS = YES_ERROR;
				CLANG_WARN_QUOTED_INCLUDE_IN_FRAMEWORK_HEADER = YES;
				CLANG_WARN_RANGE_LOOP_ANALYSIS = YES;
				CLANG_WARN_STRICT_PROTOTYPES = YES;
				CLANG_WARN_SUSPICIOUS_MOVE = YES;
				CLANG_WARN_UNGUARDED_AVAILABILITY = YES_AGGRESSIVE;
				CLANG_WARN_UNREACHABLE_CODE = YES;
				CLANG_WARN__DUPLICATE_METHOD_MATCH = YES;
				COPY_PHASE_STRIP = NO;
				DEBUG_INFORMATION_FORMAT = dwarf;
				ENABLE_STRICT_OBJC_MSGSEND = YES;
				ENABLE_TESTABILITY = YES;
				GCC_C_LANGUAGE_STANDARD = gnu11;
				GCC_DYNAMIC_NO_PIC = NO;
				GCC_NO_COMMON_BLOCKS = YES;
				GCC_OPTIMIZATION_LEVEL = 0;
				GCC_PREPROCESSOR_DEFINITIONS = (
					"DEBUG=1",
					"$(inherited)",
				);
				GCC_WARN_64_TO_32_BIT_CONVERSION = YES;
				GCC_WARN_ABOUT_RETURN_TYPE = YES_ERROR;
				GCC_WARN_UNDECLARED_SELECTOR = YES;
				GCC_WARN_UNINITIALIZED_AUTOS = YES_AGGRESSIVE;
				GCC_WARN_UNUSED_FUNCTION = YES;
				GCC_WARN_UNUSED_VARIABLE = YES;
				IPHONEOS_DEPLOYMENT_TARGET = 16.4;
				MTL_ENABLE_DEBUG_INFO = INCLUDE_SOURCE;
				MTL_FAST_MATH = YES;
				ONLY_ACTIVE_ARCH = YES;
				SDKROOT = iphoneos;
				SWIFT_ACTIVE_COMPILATION_CONDITIONS = DEBUG;
				SWIFT_OPTIMIZATION_LEVEL = "-Onone";
			};
			name = Debug;
		};
		1E18FE2D2A96506C0061A9F5 /* Release */ = {
			isa = XCBuildConfiguration;
			buildSettings = {
				ALWAYS_SEARCH_USER_PATHS = NO;
				CLANG_ANALYZER_NONNULL = YES;
				CLANG_ANALYZER_NUMBER_OBJECT_CONVERSION = YES_AGGRESSIVE;
				CLANG_CXX_LANGUAGE_STANDARD = "gnu++20";
				CLANG_ENABLE_MODULES = YES;
				CLANG_ENABLE_OBJC_ARC = YES;
				CLANG_ENABLE_OBJC_WEAK = YES;
				CLANG_WARN_BLOCK_CAPTURE_AUTORELEASING = YES;
				CLANG_WARN_BOOL_CONVERSION = YES;
				CLANG_WARN_COMMA = YES;
				CLANG_WARN_CONSTANT_CONVERSION = YES;
				CLANG_WARN_DEPRECATED_OBJC_IMPLEMENTATIONS = YES;
				CLANG_WARN_DIRECT_OBJC_ISA_USAGE = YES_ERROR;
				CLANG_WARN_DOCUMENTATION_COMMENTS = YES;
				CLANG_WARN_EMPTY_BODY = YES;
				CLANG_WARN_ENUM_CONVERSION = YES;
				CLANG_WARN_INFINITE_RECURSION = YES;
				CLANG_WARN_INT_CONVERSION = YES;
				CLANG_WARN_NON_LITERAL_NULL_CONVERSION = YES;
				CLANG_WARN_OBJC_IMPLICIT_RETAIN_SELF = YES;
				CLANG_WARN_OBJC_LITERAL_CONVERSION = YES;
				CLANG_WARN_OBJC_ROOT_CLASS = YES_ERROR;
				CLANG_WARN_QUOTED_INCLUDE_IN_FRAMEWORK_HEADER = YES;
				CLANG_WARN_RANGE_LOOP_ANALYSIS = YES;
				CLANG_WARN_STRICT_PROTOTYPES = YES;
				CLANG_WARN_SUSPICIOUS_MOVE = YES;
				CLANG_WARN_UNGUARDED_AVAILABILITY = YES_AGGRESSIVE;
				CLANG_WARN_UNREACHABLE_CODE = YES;
				CLANG_WARN__DUPLICATE_METHOD_MATCH = YES;
				COPY_PHASE_STRIP = NO;
				DEBUG_INFORMATION_FORMAT = "dwarf-with-dsym";
				ENABLE_NS_ASSERTIONS = NO;
				ENABLE_STRICT_OBJC_MSGSEND = YES;
				GCC_C_LANGUAGE_STANDARD = gnu11;
				GCC_NO_COMMON_BLOCKS = YES;
				GCC_WARN_64_TO_32_BIT_CONVERSION = YES;
				GCC_WARN_ABOUT_RETURN_TYPE = YES_ERROR;
				GCC_WARN_UNDECLARED_SELECTOR = YES;
				GCC_WARN_UNINITIALIZED_AUTOS = YES_AGGRESSIVE;
				GCC_WARN_UNUSED_FUNCTION = YES;
				GCC_WARN_UNUSED_VARIABLE = YES;
				IPHONEOS_DEPLOYMENT_TARGET = 16.4;
				MTL_ENABLE_DEBUG_INFO = NO;
				MTL_FAST_MATH = YES;
				SDKROOT = iphoneos;
				SWIFT_COMPILATION_MODE = wholemodule;
				SWIFT_OPTIMIZATION_LEVEL = "-O";
				VALIDATE_PRODUCT = YES;
			};
			name = Release;
		};
		1E18FE2F2A96506C0061A9F5 /* Debug */ = {
			isa = XCBuildConfiguration;
			buildSettings = {
				ASSETCATALOG_COMPILER_APPICON_NAME = AppIcon;
				ASSETCATALOG_COMPILER_GLOBAL_ACCENT_COLOR_NAME = AccentColor;
				CODE_SIGN_STYLE = Automatic;
				CURRENT_PROJECT_VERSION = 1;
				DEVELOPMENT_ASSET_PATHS = "\"TabataExercise/Preview Content\"";
				DEVELOPMENT_TEAM = U6U6MSV7P2;
				ENABLE_PREVIEWS = YES;
				GENERATE_INFOPLIST_FILE = YES;
				INFOPLIST_FILE = TabataExercise/Info.plist;
				INFOPLIST_KEY_CFBundleDisplayName = "Tabata Timer";
				INFOPLIST_KEY_UIApplicationSceneManifest_Generation = YES;
				INFOPLIST_KEY_UIApplicationSupportsIndirectInputEvents = YES;
				INFOPLIST_KEY_UISupportedInterfaceOrientations_iPad = "UIInterfaceOrientationPortrait UIInterfaceOrientationPortraitUpsideDown UIInterfaceOrientationLandscapeLeft UIInterfaceOrientationLandscapeRight";
				INFOPLIST_KEY_UISupportedInterfaceOrientations_iPhone = "UIInterfaceOrientationPortrait UIInterfaceOrientationLandscapeLeft UIInterfaceOrientationLandscapeRight";
				INFOPLIST_KEY_UIUserInterfaceStyle = Light;
				IPHONEOS_DEPLOYMENT_TARGET = 16.0;
				LD_RUNPATH_SEARCH_PATHS = (
					"$(inherited)",
					"@executable_path/Frameworks",
				);
				MARKETING_VERSION = 1.0.0;
				PRODUCT_BUNDLE_IDENTIFIER = com.janvaverka.TabataExercise;
				PRODUCT_NAME = "$(TARGET_NAME)";
				SWIFT_EMIT_LOC_STRINGS = YES;
				SWIFT_VERSION = 5.0;
				TARGETED_DEVICE_FAMILY = "1,2";
			};
			name = Debug;
		};
		1E18FE302A96506C0061A9F5 /* Release */ = {
			isa = XCBuildConfiguration;
			buildSettings = {
				ASSETCATALOG_COMPILER_APPICON_NAME = AppIcon;
				ASSETCATALOG_COMPILER_GLOBAL_ACCENT_COLOR_NAME = AccentColor;
				CODE_SIGN_STYLE = Automatic;
				CURRENT_PROJECT_VERSION = 1;
				DEVELOPMENT_ASSET_PATHS = "\"TabataExercise/Preview Content\"";
				DEVELOPMENT_TEAM = U6U6MSV7P2;
				ENABLE_PREVIEWS = YES;
				GENERATE_INFOPLIST_FILE = YES;
				INFOPLIST_FILE = TabataExercise/Info.plist;
				INFOPLIST_KEY_CFBundleDisplayName = "Tabata Timer";
				INFOPLIST_KEY_UIApplicationSceneManifest_Generation = YES;
				INFOPLIST_KEY_UIApplicationSupportsIndirectInputEvents = YES;
				INFOPLIST_KEY_UISupportedInterfaceOrientations_iPad = "UIInterfaceOrientationPortrait UIInterfaceOrientationPortraitUpsideDown UIInterfaceOrientationLandscapeLeft UIInterfaceOrientationLandscapeRight";
				INFOPLIST_KEY_UISupportedInterfaceOrientations_iPhone = "UIInterfaceOrientationPortrait UIInterfaceOrientationLandscapeLeft UIInterfaceOrientationLandscapeRight";
				INFOPLIST_KEY_UIUserInterfaceStyle = Light;
				IPHONEOS_DEPLOYMENT_TARGET = 16.0;
				LD_RUNPATH_SEARCH_PATHS = (
					"$(inherited)",
					"@executable_path/Frameworks",
				);
				MARKETING_VERSION = 1.0.0;
				PRODUCT_BUNDLE_IDENTIFIER = com.janvaverka.TabataExercise;
				PRODUCT_NAME = "$(TARGET_NAME)";
				SWIFT_EMIT_LOC_STRINGS = YES;
				SWIFT_VERSION = 5.0;
				TARGETED_DEVICE_FAMILY = "1,2";
			};
			name = Release;
		};
/* End XCBuildConfiguration section */

/* Begin XCConfigurationList section */
		1E18FE1B2A96506B0061A9F5 /* Build configuration list for PBXProject "TabataExercise" */ = {
			isa = XCConfigurationList;
			buildConfigurations = (
				1E18FE2C2A96506C0061A9F5 /* Debug */,
				1E18FE2D2A96506C0061A9F5 /* Release */,
			);
			defaultConfigurationIsVisible = 0;
			defaultConfigurationName = Release;
		};
		1E18FE2E2A96506C0061A9F5 /* Build configuration list for PBXNativeTarget "TabataExercise" */ = {
			isa = XCConfigurationList;
			buildConfigurations = (
				1E18FE2F2A96506C0061A9F5 /* Debug */,
				1E18FE302A96506C0061A9F5 /* Release */,
			);
			defaultConfigurationIsVisible = 0;
			defaultConfigurationName = Release;
		};
/* End XCConfigurationList section */

/* Begin XCRemoteSwiftPackageReference section */
		1E2800A22A977EF800D302F9 /* XCRemoteSwiftPackageReference "firebase-ios-sdk" */ = {
			isa = XCRemoteSwiftPackageReference;
			repositoryURL = "https://github.com/firebase/firebase-ios-sdk";
			requirement = {
				kind = upToNextMajorVersion;
				minimumVersion = 10.0.0;
			};
		};
/* End XCRemoteSwiftPackageReference section */

/* Begin XCSwiftPackageProductDependency section */
		1E2800A32A977EF800D302F9 /* FirebaseAuth */ = {
			isa = XCSwiftPackageProductDependency;
			package = 1E2800A22A977EF800D302F9 /* XCRemoteSwiftPackageReference "firebase-ios-sdk" */;
			productName = FirebaseAuth;
		};
		1E2800A52A977EF800D302F9 /* FirebaseFirestore */ = {
			isa = XCSwiftPackageProductDependency;
			package = 1E2800A22A977EF800D302F9 /* XCRemoteSwiftPackageReference "firebase-ios-sdk" */;
			productName = FirebaseFirestore;
		};
		1E2800A72A977EF800D302F9 /* FirebaseFirestoreSwift */ = {
			isa = XCSwiftPackageProductDependency;
			package = 1E2800A22A977EF800D302F9 /* XCRemoteSwiftPackageReference "firebase-ios-sdk" */;
			productName = FirebaseFirestoreSwift;
		};
		1E2800A92A977EF800D302F9 /* FirebaseStorage */ = {
			isa = XCSwiftPackageProductDependency;
			package = 1E2800A22A977EF800D302F9 /* XCRemoteSwiftPackageReference "firebase-ios-sdk" */;
			productName = FirebaseStorage;
		};
/* End XCSwiftPackageProductDependency section */
	};
	rootObject = 1E18FE182A96506B0061A9F5 /* Project object */;
}
